
Microsoft Visual Studio Solution File, Format Version 9.00
# Visual Studio 2005
Project("{8BC9CEB8-8B4A-11D0-8D11-00A0C91BC942}") = "FramworkApSampler", "..\FramworkApSampler\FramworkApSampler_2005.vcproj", "{7C96B28B-225D-4C31-8674-6F80757833DF}"
EndProject
Project("{8BC9CEB8-8B4A-11D0-8D11-00A0C91BC942}") = "SvAgent", "..\SvAgent\SvAgent_2005.vcproj", "{CD9CE7FF-E104-4892-A15F-CE75599C8871}"
EndProject
Project("{8BC9CEB8-8B4A-11D0-8D11-00A0C91BC942}") = "DataSrc_Gses", "DataSrc_Gses_2005.vcproj", "{1CD35E61-9BA0-42E4-A50D-26586D6C9BD8}"
EndProject
Project("{8BC9CEB8-8B4A-11D0-8D11-00A0C91BC942}") = "DataProvider", "..\DataProvider\Provider_2005.vcproj", "{7546DF9A-25D1-4966-A918-095EC0F2A9CF}"
EndProject
Project("{8BC9CEB8-8B4A-11D0-8D11-00A0C91BC942}") = "Convergence", "..\Convergence\Convergence_2005.vcproj", "{97995D66-0506-4101-9428-0B70A9AC371C}"
EndProject
Project("{8BC9CEB8-8B4A-11D0-8D11-00A0C91BC942}") = "zlib", "..\zlib\zlib_2005.vcproj", "{40578497-324E-4267-90E8-F575E0FDBB37}"
EndProject
Project("{8BC9CEB8-8B4A-11D0-8D11-00A0C91BC942}") = "Sampler", "..\Sampler\Sampler_2005.vcproj", "{7641B8EB-6AF7-446D-86EB-A2E5CA9BD6E2}"
EndProject
Project("{8BC9CEB8-8B4A-11D0-8D11-00A0C91BC942}") = "HisData", "..\HisData\HisData_2005.vcproj", "{A829CB18-0821-457E-97DC-8EF52B39C05C}"
EndProject
Project("{8BC9CEB8-8B4A-11D0-8D11-00A0C91BC942}") = "SourceGmts", "..\SourceGmts\SourceGmts_2005.vcproj", "{13C277E0-A174-4A90-8AA1-67AB46FEECBF}"
EndProject
Project("{8BC9CEB8-8B4A-11D0-8D11-00A0C91BC942}") = "SourceSampler", "..\SourceSampler\SourceSampler_2005.vcproj", "{50D62CCA-F02C-4FEE-AFD3-CA4EA89A5ADA}"
EndProject
Project("{8BC9CEB8-8B4A-11D0-8D11-00A0C91BC942}") = "DataSrc_wjf", "..\DataSrc_wjf\DataSrc_wjf_2005.vcproj", "{573BD005-3349-450C-BEBB-B2BC03ADDD3A}"
EndProject
Project("{8BC9CEB8-8B4A-11D0-8D11-00A0C91BC942}") = "DataSrc_sge", "..\DataSrc_sge\DataSrc_sge_2005.vcproj", "{2A482281-DFBE-44D1-B88D-BF40DC3F99C9}"
EndProject
Project("{8BC9CEB8-8B4A-11D0-8D11-00A0C91BC942}") = "DataSrc_nymex", "..\..\..\..\..\数据源主目录\trunk\Gess_product\Backround\Quotation\DataSrc_Nymex\DataSrc_nymex_2005.vcproj", "{DCB8374F-B52A-4DB4-B2EE-E1774C03AF40}"
EndProject
Global
	GlobalSection(SolutionConfigurationPlatforms) = preSolution
		debug_Completion|Win32 = debug_Completion|Win32
		Debug_IOCPServer|Win32 = Debug_IOCPServer|Win32
		Debug|Win32 = Debug|Win32
		release_Completion|Win32 = release_Completion|Win32
		Release_IOCPServer|Win32 = Release_IOCPServer|Win32
		Release|Win32 = Release|Win32
		sun_Send_debug|Win32 = sun_Send_debug|Win32
		sun_send_release|Win32 = sun_send_release|Win32
		东航专用|Win32 = 东航专用|Win32
		东航专用-release|Win32 = 东航专用-release|Win32
	EndGlobalSection
	GlobalSection(ProjectConfigurationPlatforms) = postSolution
		{7C96B28B-225D-4C31-8674-6F80757833DF}.debug_Completion|Win32.ActiveCfg = Debug|Win32
		{7C96B28B-225D-4C31-8674-6F80757833DF}.debug_Completion|Win32.Build.0 = Debug|Win32
		{7C96B28B-225D-4C31-8674-6F80757833DF}.Debug_IOCPServer|Win32.ActiveCfg = Debug|Win32
		{7C96B28B-225D-4C31-8674-6F80757833DF}.Debug_IOCPServer|Win32.Build.0 = Debug|Win32
		{7C96B28B-225D-4C31-8674-6F80757833DF}.Debug|Win32.ActiveCfg = Debug|Win32
		{7C96B28B-225D-4C31-8674-6F80757833DF}.Debug|Win32.Build.0 = Debug|Win32
		{7C96B28B-225D-4C31-8674-6F80757833DF}.release_Completion|Win32.ActiveCfg = Release|Win32
		{7C96B28B-225D-4C31-8674-6F80757833DF}.release_Completion|Win32.Build.0 = Release|Win32
		{7C96B28B-225D-4C31-8674-6F80757833DF}.Release_IOCPServer|Win32.ActiveCfg = Release|Win32
		{7C96B28B-225D-4C31-8674-6F80757833DF}.Release_IOCPServer|Win32.Build.0 = Release|Win32
		{7C96B28B-225D-4C31-8674-6F80757833DF}.Release|Win32.ActiveCfg = Release|Win32
		{7C96B28B-225D-4C31-8674-6F80757833DF}.Release|Win32.Build.0 = Release|Win32
		{7C96B28B-225D-4C31-8674-6F80757833DF}.sun_Send_debug|Win32.ActiveCfg = Release|Win32
		{7C96B28B-225D-4C31-8674-6F80757833DF}.sun_Send_debug|Win32.Build.0 = Release|Win32
		{7C96B28B-225D-4C31-8674-6F80757833DF}.sun_send_release|Win32.ActiveCfg = Release|Win32
		{7C96B28B-225D-4C31-8674-6F80757833DF}.sun_send_release|Win32.Build.0 = Release|Win32
		{7C96B28B-225D-4C31-8674-6F80757833DF}.东航专用|Win32.ActiveCfg = Release|Win32
		{7C96B28B-225D-4C31-8674-6F80757833DF}.东航专用|Win32.Build.0 = Release|Win32
		{7C96B28B-225D-4C31-8674-6F80757833DF}.东航专用-release|Win32.ActiveCfg = Release|Win32
		{7C96B28B-225D-4C31-8674-6F80757833DF}.东航专用-release|Win32.Build.0 = Release|Win32
		{CD9CE7FF-E104-4892-A15F-CE75599C8871}.debug_Completion|Win32.ActiveCfg = Debug|Win32
		{CD9CE7FF-E104-4892-A15F-CE75599C8871}.debug_Completion|Win32.Build.0 = Debug|Win32
		{CD9CE7FF-E104-4892-A15F-CE75599C8871}.Debug_IOCPServer|Win32.ActiveCfg = Debug|Win32
		{CD9CE7FF-E104-4892-A15F-CE75599C8871}.Debug_IOCPServer|Win32.Build.0 = Debug|Win32
		{CD9CE7FF-E104-4892-A15F-CE75599C8871}.Debug|Win32.ActiveCfg = Debug|Win32
		{CD9CE7FF-E104-4892-A15F-CE75599C8871}.Debug|Win32.Build.0 = Debug|Win32
		{CD9CE7FF-E104-4892-A15F-CE75599C8871}.release_Completion|Win32.ActiveCfg = Release|Win32
		{CD9CE7FF-E104-4892-A15F-CE75599C8871}.release_Completion|Win32.Build.0 = Release|Win32
		{CD9CE7FF-E104-4892-A15F-CE75599C8871}.Release_IOCPServer|Win32.ActiveCfg = Release|Win32
		{CD9CE7FF-E104-4892-A15F-CE75599C8871}.Release_IOCPServer|Win32.Build.0 = Release|Win32
		{CD9CE7FF-E104-4892-A15F-CE75599C8871}.Release|Win32.ActiveCfg = Release|Win32
		{CD9CE7FF-E104-4892-A15F-CE75599C8871}.Release|Win32.Build.0 = Release|Win32
		{CD9CE7FF-E104-4892-A15F-CE75599C8871}.sun_Send_debug|Win32.ActiveCfg = Release|Win32
		{CD9CE7FF-E104-4892-A15F-CE75599C8871}.sun_Send_debug|Win32.Build.0 = Release|Win32
		{CD9CE7FF-E104-4892-A15F-CE75599C8871}.sun_send_release|Win32.ActiveCfg = Release|Win32
		{CD9CE7FF-E104-4892-A15F-CE75599C8871}.sun_send_release|Win32.Build.0 = Release|Win32
		{CD9CE7FF-E104-4892-A15F-CE75599C8871}.东航专用|Win32.ActiveCfg = Release|Win32
		{CD9CE7FF-E104-4892-A15F-CE75599C8871}.东航专用|Win32.Build.0 = Release|Win32
		{CD9CE7FF-E104-4892-A15F-CE75599C8871}.东航专用-release|Win32.ActiveCfg = Release|Win32
		{CD9CE7FF-E104-4892-A15F-CE75599C8871}.东航专用-release|Win32.Build.0 = Release|Win32
		{1CD35E61-9BA0-42E4-A50D-26586D6C9BD8}.debug_Completion|Win32.ActiveCfg = Debug|Win32
		{1CD35E61-9BA0-42E4-A50D-26586D6C9BD8}.debug_Completion|Win32.Build.0 = Debug|Win32
		{1CD35E61-9BA0-42E4-A50D-26586D6C9BD8}.Debug_IOCPServer|Win32.ActiveCfg = Debug|Win32
		{1CD35E61-9BA0-42E4-A50D-26586D6C9BD8}.Debug_IOCPServer|Win32.Build.0 = Debug|Win32
		{1CD35E61-9BA0-42E4-A50D-26586D6C9BD8}.Debug|Win32.ActiveCfg = Debug|Win32
		{1CD35E61-9BA0-42E4-A50D-26586D6C9BD8}.Debug|Win32.Build.0 = Debug|Win32
		{1CD35E61-9BA0-42E4-A50D-26586D6C9BD8}.release_Completion|Win32.ActiveCfg = Release|Win32
		{1CD35E61-9BA0-42E4-A50D-26586D6C9BD8}.release_Completion|Win32.Build.0 = Release|Win32
		{1CD35E61-9BA0-42E4-A50D-26586D6C9BD8}.Release_IOCPServer|Win32.ActiveCfg = Release|Win32
		{1CD35E61-9BA0-42E4-A50D-26586D6C9BD8}.Release_IOCPServer|Win32.Build.0 = Release|Win32
		{1CD35E61-9BA0-42E4-A50D-26586D6C9BD8}.Release|Win32.ActiveCfg = Release|Win32
		{1CD35E61-9BA0-42E4-A50D-26586D6C9BD8}.Release|Win32.Build.0 = Release|Win32
		{1CD35E61-9BA0-42E4-A50D-26586D6C9BD8}.sun_Send_debug|Win32.ActiveCfg = Release|Win32
		{1CD35E61-9BA0-42E4-A50D-26586D6C9BD8}.sun_Send_debug|Win32.Build.0 = Release|Win32
		{1CD35E61-9BA0-42E4-A50D-26586D6C9BD8}.sun_send_release|Win32.ActiveCfg = Release|Win32
		{1CD35E61-9BA0-42E4-A50D-26586D6C9BD8}.sun_send_release|Win32.Build.0 = Release|Win32
		{1CD35E61-9BA0-42E4-A50D-26586D6C9BD8}.东航专用|Win32.ActiveCfg = Release|Win32
		{1CD35E61-9BA0-42E4-A50D-26586D6C9BD8}.东航专用|Win32.Build.0 = Release|Win32
		{1CD35E61-9BA0-42E4-A50D-26586D6C9BD8}.东航专用-release|Win32.ActiveCfg = Release|Win32
		{1CD35E61-9BA0-42E4-A50D-26586D6C9BD8}.东航专用-release|Win32.Build.0 = Release|Win32
		{7546DF9A-25D1-4966-A918-095EC0F2A9CF}.debug_Completion|Win32.ActiveCfg = Debug|Win32
		{7546DF9A-25D1-4966-A918-095EC0F2A9CF}.debug_Completion|Win32.Build.0 = Debug|Win32
		{7546DF9A-25D1-4966-A918-095EC0F2A9CF}.Debug_IOCPServer|Win32.ActiveCfg = Debug|Win32
		{7546DF9A-25D1-4966-A918-095EC0F2A9CF}.Debug_IOCPServer|Win32.Build.0 = Debug|Win32
		{7546DF9A-25D1-4966-A918-095EC0F2A9CF}.Debug|Win32.ActiveCfg = Debug|Win32
		{7546DF9A-25D1-4966-A918-095EC0F2A9CF}.Debug|Win32.Build.0 = Debug|Win32
		{7546DF9A-25D1-4966-A918-095EC0F2A9CF}.release_Completion|Win32.ActiveCfg = Release|Win32
		{7546DF9A-25D1-4966-A918-095EC0F2A9CF}.release_Completion|Win32.Build.0 = Release|Win32
		{7546DF9A-25D1-4966-A918-095EC0F2A9CF}.Release_IOCPServer|Win32.ActiveCfg = Release|Win32
		{7546DF9A-25D1-4966-A918-095EC0F2A9CF}.Release_IOCPServer|Win32.Build.0 = Release|Win32
		{7546DF9A-25D1-4966-A918-095EC0F2A9CF}.Release|Win32.ActiveCfg = Release|Win32
		{7546DF9A-25D1-4966-A918-095EC0F2A9CF}.Release|Win32.Build.0 = Release|Win32
		{7546DF9A-25D1-4966-A918-095EC0F2A9CF}.sun_Send_debug|Win32.ActiveCfg = Release|Win32
		{7546DF9A-25D1-4966-A918-095EC0F2A9CF}.sun_Send_debug|Win32.Build.0 = Release|Win32
		{7546DF9A-25D1-4966-A918-095EC0F2A9CF}.sun_send_release|Win32.ActiveCfg = Release|Win32
		{7546DF9A-25D1-4966-A918-095EC0F2A9CF}.sun_send_release|Win32.Build.0 = Release|Win32
		{7546DF9A-25D1-4966-A918-095EC0F2A9CF}.东航专用|Win32.ActiveCfg = Release|Win32
		{7546DF9A-25D1-4966-A918-095EC0F2A9CF}.东航专用|Win32.Build.0 = Release|Win32
		{7546DF9A-25D1-4966-A918-095EC0F2A9CF}.东航专用-release|Win32.ActiveCfg = Release|Win32
		{7546DF9A-25D1-4966-A918-095EC0F2A9CF}.东航专用-release|Win32.Build.0 = Release|Win32
		{97995D66-0506-4101-9428-0B70A9AC371C}.debug_Completion|Win32.ActiveCfg = Debug|Win32
		{97995D66-0506-4101-9428-0B70A9AC371C}.debug_Completion|Win32.Build.0 = Debug|Win32
		{97995D66-0506-4101-9428-0B70A9AC371C}.Debug_IOCPServer|Win32.ActiveCfg = Debug|Win32
		{97995D66-0506-4101-9428-0B70A9AC371C}.Debug_IOCPServer|Win32.Build.0 = Debug|Win32
		{97995D66-0506-4101-9428-0B70A9AC371C}.Debug|Win32.ActiveCfg = Debug|Win32
		{97995D66-0506-4101-9428-0B70A9AC371C}.Debug|Win32.Build.0 = Debug|Win32
		{97995D66-0506-4101-9428-0B70A9AC371C}.release_Completion|Win32.ActiveCfg = Release|Win32
		{97995D66-0506-4101-9428-0B70A9AC371C}.release_Completion|Win32.Build.0 = Release|Win32
		{97995D66-0506-4101-9428-0B70A9AC371C}.Release_IOCPServer|Win32.ActiveCfg = Release|Win32
		{97995D66-0506-4101-9428-0B70A9AC371C}.Release_IOCPServer|Win32.Build.0 = Release|Win32
		{97995D66-0506-4101-9428-0B70A9AC371C}.Release|Win32.ActiveCfg = Release|Win32
		{97995D66-0506-4101-9428-0B70A9AC371C}.Release|Win32.Build.0 = Release|Win32
		{97995D66-0506-4101-9428-0B70A9AC371C}.sun_Send_debug|Win32.ActiveCfg = Release|Win32
		{97995D66-0506-4101-9428-0B70A9AC371C}.sun_Send_debug|Win32.Build.0 = Release|Win32
		{97995D66-0506-4101-9428-0B70A9AC371C}.sun_send_release|Win32.ActiveCfg = Release|Win32
		{97995D66-0506-4101-9428-0B70A9AC371C}.sun_send_release|Win32.Build.0 = Release|Win32
		{97995D66-0506-4101-9428-0B70A9AC371C}.东航专用|Win32.ActiveCfg = Release|Win32
		{97995D66-0506-4101-9428-0B70A9AC371C}.东航专用|Win32.Build.0 = Release|Win32
		{97995D66-0506-4101-9428-0B70A9AC371C}.东航专用-release|Win32.ActiveCfg = Release|Win32
		{97995D66-0506-4101-9428-0B70A9AC371C}.东航专用-release|Win32.Build.0 = Release|Win32
		{40578497-324E-4267-90E8-F575E0FDBB37}.debug_Completion|Win32.ActiveCfg = debug_Completion|Win32
		{40578497-324E-4267-90E8-F575E0FDBB37}.debug_Completion|Win32.Build.0 = debug_Completion|Win32
		{40578497-324E-4267-90E8-F575E0FDBB37}.Debug_IOCPServer|Win32.ActiveCfg = Debug_IOCPServer|Win32
		{40578497-324E-4267-90E8-F575E0FDBB37}.Debug_IOCPServer|Win32.Build.0 = Debug_IOCPServer|Win32
		{40578497-324E-4267-90E8-F575E0FDBB37}.Debug|Win32.ActiveCfg = Debug|Win32
		{40578497-324E-4267-90E8-F575E0FDBB37}.Debug|Win32.Build.0 = Debug|Win32
		{40578497-324E-4267-90E8-F575E0FDBB37}.release_Completion|Win32.ActiveCfg = release_Completion|Win32
		{40578497-324E-4267-90E8-F575E0FDBB37}.release_Completion|Win32.Build.0 = release_Completion|Win32
		{40578497-324E-4267-90E8-F575E0FDBB37}.Release_IOCPServer|Win32.ActiveCfg = Release_IOCPServer|Win32
		{40578497-324E-4267-90E8-F575E0FDBB37}.Release_IOCPServer|Win32.Build.0 = Release_IOCPServer|Win32
		{40578497-324E-4267-90E8-F575E0FDBB37}.Release|Win32.ActiveCfg = Release|Win32
		{40578497-324E-4267-90E8-F575E0FDBB37}.Release|Win32.Build.0 = Release|Win32
		{40578497-324E-4267-90E8-F575E0FDBB37}.sun_Send_debug|Win32.ActiveCfg = sun_Send_debug|Win32
		{40578497-324E-4267-90E8-F575E0FDBB37}.sun_Send_debug|Win32.Build.0 = sun_Send_debug|Win32
		{40578497-324E-4267-90E8-F575E0FDBB37}.sun_send_release|Win32.ActiveCfg = sun_send_release|Win32
		{40578497-324E-4267-90E8-F575E0FDBB37}.sun_send_release|Win32.Build.0 = sun_send_release|Win32
		{40578497-324E-4267-90E8-F575E0FDBB37}.东航专用|Win32.ActiveCfg = 东航专用|Win32
		{40578497-324E-4267-90E8-F575E0FDBB37}.东航专用|Win32.Build.0 = 东航专用|Win32
		{40578497-324E-4267-90E8-F575E0FDBB37}.东航专用-release|Win32.ActiveCfg = 东航专用-release|Win32
		{40578497-324E-4267-90E8-F575E0FDBB37}.东航专用-release|Win32.Build.0 = 东航专用-release|Win32
		{7641B8EB-6AF7-446D-86EB-A2E5CA9BD6E2}.debug_Completion|Win32.ActiveCfg = Debug|Win32
		{7641B8EB-6AF7-446D-86EB-A2E5CA9BD6E2}.debug_Completion|Win32.Build.0 = Debug|Win32
		{7641B8EB-6AF7-446D-86EB-A2E5CA9BD6E2}.Debug_IOCPServer|Win32.ActiveCfg = Debug|Win32
		{7641B8EB-6AF7-446D-86EB-A2E5CA9BD6E2}.Debug_IOCPServer|Win32.Build.0 = Debug|Win32
		{7641B8EB-6AF7-446D-86EB-A2E5CA9BD6E2}.Debug|Win32.ActiveCfg = Debug|Win32
		{7641B8EB-6AF7-446D-86EB-A2E5CA9BD6E2}.Debug|Win32.Build.0 = Debug|Win32
		{7641B8EB-6AF7-446D-86EB-A2E5CA9BD6E2}.release_Completion|Win32.ActiveCfg = Release|Win32
		{7641B8EB-6AF7-446D-86EB-A2E5CA9BD6E2}.release_Completion|Win32.Build.0 = Release|Win32
		{7641B8EB-6AF7-446D-86EB-A2E5CA9BD6E2}.Release_IOCPServer|Win32.ActiveCfg = Release|Win32
		{7641B8EB-6AF7-446D-86EB-A2E5CA9BD6E2}.Release_IOCPServer|Win32.Build.0 = Release|Win32
		{7641B8EB-6AF7-446D-86EB-A2E5CA9BD6E2}.Release|Win32.ActiveCfg = Release|Win32
		{7641B8EB-6AF7-446D-86EB-A2E5CA9BD6E2}.Release|Win32.Build.0 = Release|Win32
		{7641B8EB-6AF7-446D-86EB-A2E5CA9BD6E2}.sun_Send_debug|Win32.ActiveCfg = Release|Win32
		{7641B8EB-6AF7-446D-86EB-A2E5CA9BD6E2}.sun_Send_debug|Win32.Build.0 = Release|Win32
		{7641B8EB-6AF7-446D-86EB-A2E5CA9BD6E2}.sun_send_release|Win32.ActiveCfg = Release|Win32
		{7641B8EB-6AF7-446D-86EB-A2E5CA9BD6E2}.sun_send_release|Win32.Build.0 = Release|Win32
		{7641B8EB-6AF7-446D-86EB-A2E5CA9BD6E2}.东航专用|Win32.ActiveCfg = Release|Win32
		{7641B8EB-6AF7-446D-86EB-A2E5CA9BD6E2}.东航专用|Win32.Build.0 = Release|Win32
		{7641B8EB-6AF7-446D-86EB-A2E5CA9BD6E2}.东航专用-release|Win32.ActiveCfg = Release|Win32
		{7641B8EB-6AF7-446D-86EB-A2E5CA9BD6E2}.东航专用-release|Win32.Build.0 = Release|Win32
		{A829CB18-0821-457E-97DC-8EF52B39C05C}.debug_Completion|Win32.ActiveCfg = Debug|Win32
		{A829CB18-0821-457E-97DC-8EF52B39C05C}.debug_Completion|Win32.Build.0 = Debug|Win32
		{A829CB18-0821-457E-97DC-8EF52B39C05C}.Debug_IOCPServer|Win32.ActiveCfg = Debug|Win32
		{A829CB18-0821-457E-97DC-8EF52B39C05C}.Debug_IOCPServer|Win32.Build.0 = Debug|Win32
		{A829CB18-0821-457E-97DC-8EF52B39C05C}.Debug|Win32.ActiveCfg = Debug|Win32
		{A829CB18-0821-457E-97DC-8EF52B39C05C}.Debug|Win32.Build.0 = Debug|Win32
		{A829CB18-0821-457E-97DC-8EF52B39C05C}.release_Completion|Win32.ActiveCfg = Release|Win32
		{A829CB18-0821-457E-97DC-8EF52B39C05C}.release_Completion|Win32.Build.0 = Release|Win32
		{A829CB18-0821-457E-97DC-8EF52B39C05C}.Release_IOCPServer|Win32.ActiveCfg = Release|Win32
		{A829CB18-0821-457E-97DC-8EF52B39C05C}.Release_IOCPServer|Win32.Build.0 = Release|Win32
		{A829CB18-0821-457E-97DC-8EF52B39C05C}.Release|Win32.ActiveCfg = Release|Win32
		{A829CB18-0821-457E-97DC-8EF52B39C05C}.Release|Win32.Build.0 = Release|Win32
		{A829CB18-0821-457E-97DC-8EF52B39C05C}.sun_Send_debug|Win32.ActiveCfg = Release|Win32
		{A829CB18-0821-457E-97DC-8EF52B39C05C}.sun_Send_debug|Win32.Build.0 = Release|Win32
		{A829CB18-0821-457E-97DC-8EF52B39C05C}.sun_send_release|Win32.ActiveCfg = Release|Win32
		{A829CB18-0821-457E-97DC-8EF52B39C05C}.sun_send_release|Win32.Build.0 = Release|Win32
		{A829CB18-0821-457E-97DC-8EF52B39C05C}.东航专用|Win32.ActiveCfg = Release|Win32
		{A829CB18-0821-457E-97DC-8EF52B39C05C}.东航专用|Win32.Build.0 = Release|Win32
		{A829CB18-0821-457E-97DC-8EF52B39C05C}.东航专用-release|Win32.ActiveCfg = Release|Win32
		{A829CB18-0821-457E-97DC-8EF52B39C05C}.东航专用-release|Win32.Build.0 = Release|Win32
		{13C277E0-A174-4A90-8AA1-67AB46FEECBF}.debug_Completion|Win32.ActiveCfg = Debug|Win32
		{13C277E0-A174-4A90-8AA1-67AB46FEECBF}.debug_Completion|Win32.Build.0 = Debug|Win32
		{13C277E0-A174-4A90-8AA1-67AB46FEECBF}.Debug_IOCPServer|Win32.ActiveCfg = Debug|Win32
		{13C277E0-A174-4A90-8AA1-67AB46FEECBF}.Debug_IOCPServer|Win32.Build.0 = Debug|Win32
		{13C277E0-A174-4A90-8AA1-67AB46FEECBF}.Debug|Win32.ActiveCfg = Debug|Win32
		{13C277E0-A174-4A90-8AA1-67AB46FEECBF}.Debug|Win32.Build.0 = Debug|Win32
		{13C277E0-A174-4A90-8AA1-67AB46FEECBF}.release_Completion|Win32.ActiveCfg = Release|Win32
		{13C277E0-A174-4A90-8AA1-67AB46FEECBF}.release_Completion|Win32.Build.0 = Release|Win32
		{13C277E0-A174-4A90-8AA1-67AB46FEECBF}.Release_IOCPServer|Win32.ActiveCfg = Release|Win32
		{13C277E0-A174-4A90-8AA1-67AB46FEECBF}.Release_IOCPServer|Win32.Build.0 = Release|Win32
		{13C277E0-A174-4A90-8AA1-67AB46FEECBF}.Release|Win32.ActiveCfg = Release|Win32
		{13C277E0-A174-4A90-8AA1-67AB46FEECBF}.Release|Win32.Build.0 = Release|Win32
		{13C277E0-A174-4A90-8AA1-67AB46FEECBF}.sun_Send_debug|Win32.ActiveCfg = Release|Win32
		{13C277E0-A174-4A90-8AA1-67AB46FEECBF}.sun_Send_debug|Win32.Build.0 = Release|Win32
		{13C277E0-A174-4A90-8AA1-67AB46FEECBF}.sun_send_release|Win32.ActiveCfg = Release|Win32
		{13C277E0-A174-4A90-8AA1-67AB46FEECBF}.sun_send_release|Win32.Build.0 = Release|Win32
		{13C277E0-A174-4A90-8AA1-67AB46FEECBF}.东航专用|Win32.ActiveCfg = Release|Win32
		{13C277E0-A174-4A90-8AA1-67AB46FEECBF}.东航专用|Win32.Build.0 = Release|Win32
		{13C277E0-A174-4A90-8AA1-67AB46FEECBF}.东航专用-release|Win32.ActiveCfg = Release|Win32
		{13C277E0-A174-4A90-8AA1-67AB46FEECBF}.东航专用-release|Win32.Build.0 = Release|Win32
		{50D62CCA-F02C-4FEE-AFD3-CA4EA89A5ADA}.debug_Completion|Win32.ActiveCfg = Debug|Win32
		{50D62CCA-F02C-4FEE-AFD3-CA4EA89A5ADA}.debug_Completion|Win32.Build.0 = Debug|Win32
		{50D62CCA-F02C-4FEE-AFD3-CA4EA89A5ADA}.Debug_IOCPServer|Win32.ActiveCfg = Debug|Win32
		{50D62CCA-F02C-4FEE-AFD3-CA4EA89A5ADA}.Debug_IOCPServer|Win32.Build.0 = Debug|Win32
		{50D62CCA-F02C-4FEE-AFD3-CA4EA89A5ADA}.Debug|Win32.ActiveCfg = Debug|Win32
		{50D62CCA-F02C-4FEE-AFD3-CA4EA89A5ADA}.Debug|Win32.Build.0 = Debug|Win32
		{50D62CCA-F02C-4FEE-AFD3-CA4EA89A5ADA}.release_Completion|Win32.ActiveCfg = Release|Win32
		{50D62CCA-F02C-4FEE-AFD3-CA4EA89A5ADA}.release_Completion|Win32.Build.0 = Release|Win32
		{50D62CCA-F02C-4FEE-AFD3-CA4EA89A5ADA}.Release_IOCPServer|Win32.ActiveCfg = Release|Win32
		{50D62CCA-F02C-4FEE-AFD3-CA4EA89A5ADA}.Release_IOCPServer|Win32.Build.0 = Release|Win32
		{50D62CCA-F02C-4FEE-AFD3-CA4EA89A5ADA}.Release|Win32.ActiveCfg = Release|Win32
		{50D62CCA-F02C-4FEE-AFD3-CA4EA89A5ADA}.Release|Win32.Build.0 = Release|Win32
		{50D62CCA-F02C-4FEE-AFD3-CA4EA89A5ADA}.sun_Send_debug|Win32.ActiveCfg = Release|Win32
		{50D62CCA-F02C-4FEE-AFD3-CA4EA89A5ADA}.sun_Send_debug|Win32.Build.0 = Release|Win32
		{50D62CCA-F02C-4FEE-AFD3-CA4EA89A5ADA}.sun_send_release|Win32.ActiveCfg = Release|Win32
		{50D62CCA-F02C-4FEE-AFD3-CA4EA89A5ADA}.sun_send_release|Win32.Build.0 = Release|Win32
		{50D62CCA-F02C-4FEE-AFD3-CA4EA89A5ADA}.东航专用|Win32.ActiveCfg = Release|Win32
		{50D62CCA-F02C-4FEE-AFD3-CA4EA89A5ADA}.东航专用|Win32.Build.0 = Release|Win32
		{50D62CCA-F02C-4FEE-AFD3-CA4EA89A5ADA}.东航专用-release|Win32.ActiveCfg = Release|Win32
		{50D62CCA-F02C-4FEE-AFD3-CA4EA89A5ADA}.东航专用-release|Win32.Build.0 = Release|Win32
		{573BD005-3349-450C-BEBB-B2BC03ADDD3A}.debug_Completion|Win32.ActiveCfg = Debug|Win32
		{573BD005-3349-450C-BEBB-B2BC03ADDD3A}.debug_Completion|Win32.Build.0 = Debug|Win32
		{573BD005-3349-450C-BEBB-B2BC03ADDD3A}.Debug_IOCPServer|Win32.ActiveCfg = Debug|Win32
		{573BD005-3349-450C-BEBB-B2BC03ADDD3A}.Debug_IOCPServer|Win32.Build.0 = Debug|Win32
		{573BD005-3349-450C-BEBB-B2BC03ADDD3A}.Debug|Win32.ActiveCfg = Debug|Win32
		{573BD005-3349-450C-BEBB-B2BC03ADDD3A}.Debug|Win32.Build.0 = Debug|Win32
		{573BD005-3349-450C-BEBB-B2BC03ADDD3A}.release_Completion|Win32.ActiveCfg = Release|Win32
		{573BD005-3349-450C-BEBB-B2BC03ADDD3A}.release_Completion|Win32.Build.0 = Release|Win32
		{573BD005-3349-450C-BEBB-B2BC03ADDD3A}.Release_IOCPServer|Win32.ActiveCfg = Release|Win32
		{573BD005-3349-450C-BEBB-B2BC03ADDD3A}.Release_IOCPServer|Win32.Build.0 = Release|Win32
		{573BD005-3349-450C-BEBB-B2BC03ADDD3A}.Release|Win32.ActiveCfg = Release|Win32
		{573BD005-3349-450C-BEBB-B2BC03ADDD3A}.Release|Win32.Build.0 = Release|Win32
		{573BD005-3349-450C-BEBB-B2BC03ADDD3A}.sun_Send_debug|Win32.ActiveCfg = Debug|Win32
		{573BD005-3349-450C-BEBB-B2BC03ADDD3A}.sun_Send_debug|Win32.Build.0 = Debug|Win32
		{573BD005-3349-450C-BEBB-B2BC03ADDD3A}.sun_send_release|Win32.ActiveCfg = Debug|Win32
		{573BD005-3349-450C-BEBB-B2BC03ADDD3A}.sun_send_release|Win32.Build.0 = Debug|Win32
		{573BD005-3349-450C-BEBB-B2BC03ADDD3A}.东航专用|Win32.ActiveCfg = Debug|Win32
		{573BD005-3349-450C-BEBB-B2BC03ADDD3A}.东航专用|Win32.Build.0 = Debug|Win32
		{573BD005-3349-450C-BEBB-B2BC03ADDD3A}.东航专用-release|Win32.ActiveCfg = Debug|Win32
		{573BD005-3349-450C-BEBB-B2BC03ADDD3A}.东航专用-release|Win32.Build.0 = Debug|Win32
		{2A482281-DFBE-44D1-B88D-BF40DC3F99C9}.debug_Completion|Win32.ActiveCfg = Debug|Win32
		{2A482281-DFBE-44D1-B88D-BF40DC3F99C9}.debug_Completion|Win32.Build.0 = Debug|Win32
		{2A482281-DFBE-44D1-B88D-BF40DC3F99C9}.Debug_IOCPServer|Win32.ActiveCfg = Debug|Win32
		{2A482281-DFBE-44D1-B88D-BF40DC3F99C9}.Debug_IOCPServer|Win32.Build.0 = Debug|Win32
		{2A482281-DFBE-44D1-B88D-BF40DC3F99C9}.Debug|Win32.ActiveCfg = Debug|Win32
		{2A482281-DFBE-44D1-B88D-BF40DC3F99C9}.Debug|Win32.Build.0 = Debug|Win32
		{2A482281-DFBE-44D1-B88D-BF40DC3F99C9}.release_Completion|Win32.ActiveCfg = Release|Win32
		{2A482281-DFBE-44D1-B88D-BF40DC3F99C9}.release_Completion|Win32.Build.0 = Release|Win32
		{2A482281-DFBE-44D1-B88D-BF40DC3F99C9}.Release_IOCPServer|Win32.ActiveCfg = Release|Win32
		{2A482281-DFBE-44D1-B88D-BF40DC3F99C9}.Release_IOCPServer|Win32.Build.0 = Release|Win32
		{2A482281-DFBE-44D1-B88D-BF40DC3F99C9}.Release|Win32.ActiveCfg = Release|Win32
		{2A482281-DFBE-44D1-B88D-BF40DC3F99C9}.Release|Win32.Build.0 = Release|Win32
		{2A482281-DFBE-44D1-B88D-BF40DC3F99C9}.sun_Send_debug|Win32.ActiveCfg = Release|Win32
		{2A482281-DFBE-44D1-B88D-BF40DC3F99C9}.sun_Send_debug|Win32.Build.0 = Release|Win32
		{2A482281-DFBE-44D1-B88D-BF40DC3F99C9}.sun_send_release|Win32.ActiveCfg = Release|Win32
		{2A482281-DFBE-44D1-B88D-BF40DC3F99C9}.sun_send_release|Win32.Build.0 = Release|Win32
		{2A482281-DFBE-44D1-B88D-BF40DC3F99C9}.东航专用|Win32.ActiveCfg = Release|Win32
		{2A482281-DFBE-44D1-B88D-BF40DC3F99C9}.东航专用|Win32.Build.0 = Release|Win32
		{2A482281-DFBE-44D1-B88D-BF40DC3F99C9}.东航专用-release|Win32.ActiveCfg = Release|Win32
		{2A482281-DFBE-44D1-B88D-BF40DC3F99C9}.东航专用-release|Win32.Build.0 = Release|Win32
		{DCB8374F-B52A-4DB4-B2EE-E1774C03AF40}.debug_Completion|Win32.ActiveCfg = Debug|Win32
		{DCB8374F-B52A-4DB4-B2EE-E1774C03AF40}.debug_Completion|Win32.Build.0 = Debug|Win32
		{DCB8374F-B52A-4DB4-B2EE-E1774C03AF40}.Debug_IOCPServer|Win32.ActiveCfg = Debug|Win32
		{DCB8374F-B52A-4DB4-B2EE-E1774C03AF40}.Debug_IOCPServer|Win32.Build.0 = Debug|Win32
		{DCB8374F-B52A-4DB4-B2EE-E1774C03AF40}.Debug|Win32.ActiveCfg = Debug|Win32
		{DCB8374F-B52A-4DB4-B2EE-E1774C03AF40}.Debug|Win32.Build.0 = Debug|Win32
		{DCB8374F-B52A-4DB4-B2EE-E1774C03AF40}.release_Completion|Win32.ActiveCfg = Release|Win32
		{DCB8374F-B52A-4DB4-B2EE-E1774C03AF40}.release_Completion|Win32.Build.0 = Release|Win32
		{DCB8374F-B52A-4DB4-B2EE-E1774C03AF40}.Release_IOCPServer|Win32.ActiveCfg = Release|Win32
		{DCB8374F-B52A-4DB4-B2EE-E1774C03AF40}.Release_IOCPServer|Win32.Build.0 = Release|Win32
		{DCB8374F-B52A-4DB4-B2EE-E1774C03AF40}.Release|Win32.ActiveCfg = Release|Win32
		{DCB8374F-B52A-4DB4-B2EE-E1774C03AF40}.Release|Win32.Build.0 = Release|Win32
		{DCB8374F-B52A-4DB4-B2EE-E1774C03AF40}.sun_Send_debug|Win32.ActiveCfg = Release|Win32
		{DCB8374F-B52A-4DB4-B2EE-E1774C03AF40}.sun_Send_debug|Win32.Build.0 = Release|Win32
		{DCB8374F-B52A-4DB4-B2EE-E1774C03AF40}.sun_send_release|Win32.ActiveCfg = Release|Win32
		{DCB8374F-B52A-4DB4-B2EE-E1774C03AF40}.sun_send_release|Win32.Build.0 = Release|Win32
		{DCB8374F-B52A-4DB4-B2EE-E1774C03AF40}.东航专用|Win32.ActiveCfg = Release|Win32
		{DCB8374F-B52A-4DB4-B2EE-E1774C03AF40}.东航专用|Win32.Build.0 = Release|Win32
		{DCB8374F-B52A-4DB4-B2EE-E1774C03AF40}.东航专用-release|Win32.ActiveCfg = Release|Win32
		{DCB8374F-B52A-4DB4-B2EE-E1774C03AF40}.东航专用-release|Win32.Build.0 = Release|Win32
	EndGlobalSection
	GlobalSection(SolutionProperties) = preSolution
		HideSolutionNode = FALSE
	EndGlobalSection
EndGlobal
