
Microsoft Visual Studio Solution File, Format Version 10.00
# Visual Studio 2008
Project("{8BC9CEB8-8B4A-11D0-8D11-00A0C91BC942}") = "FramworkApSampler", "FramworkApSampler\FramworkApSampler_2008.vcproj", "{7C96B28B-225D-4C31-8674-6F80757833DF}"
EndProject
Project("{8BC9CEB8-8B4A-11D0-8D11-00A0C91BC942}") = "Convergence", "Convergence\Convergence_2008.vcproj", "{C41CAA9B-1F1E-4F92-B0D9-435541091969}"
EndProject
Project("{8BC9CEB8-8B4A-11D0-8D11-00A0C91BC942}") = "Sampler", "Sampler\Sampler_2008.vcproj", "{8AAA8E2F-94DC-4B53-AEF1-524CFEADB963}"
EndProject
Project("{54435603-DBB4-11D2-8724-00A0C9A8B90C}") = "ConvergenceSetup", "ConvergenceSetup\ConvengenceSetup_2008.vdproj", "{1AD31E56-1775-4CE2-8DA6-7F2267A0BA30}"
EndProject
Project("{8BC9CEB8-8B4A-11D0-8D11-00A0C91BC942}") = "DataSrc_wjf", "DataSrc_wjf\DataSrc_wjf_2008.vcproj", "{52433589-C90C-458E-852F-32BBCDC9461A}"
EndProject
Project("{8BC9CEB8-8B4A-11D0-8D11-00A0C91BC942}") = "HisData", "HisData\HisData_2008.vcproj", "{E2DDC80B-76E9-4967-A4A8-3BD074BDEA81}"
EndProject
Project("{8BC9CEB8-8B4A-11D0-8D11-00A0C91BC942}") = "DataSrc_sge", "DataSrc_sge\DataSrc_sge_2008.vcproj", "{403151EF-0DC2-4E90-A84F-9DBD7655A249}"
EndProject
Project("{8BC9CEB8-8B4A-11D0-8D11-00A0C91BC942}") = "DataProvider", "DataProvider\Provider_2008.vcproj", "{BC830E16-48F7-413E-AE06-938265FA447E}"
EndProject
Project("{8BC9CEB8-8B4A-11D0-8D11-00A0C91BC942}") = "zlib", "zlib\zlib_2008.vcproj", "{40578497-324E-4267-90E8-F575E0FDBB37}"
EndProject
Project("{8BC9CEB8-8B4A-11D0-8D11-00A0C91BC942}") = "SmsInterface", "SmsInterface\SmsInterface_2008.vcproj", "{BE1BF216-2C60-4640-AB1C-967676537C5F}"
EndProject
Project("{8BC9CEB8-8B4A-11D0-8D11-00A0C91BC942}") = "SvAgent", "SvAgent\SvAgent_2008.vcproj", "{56283C96-4524-44F9-B666-92B9CE90A902}"
EndProject
Global
	GlobalSection(SolutionConfigurationPlatforms) = preSolution
		debug_Completion|Win32 = debug_Completion|Win32
		Debug_IOCPServer|Win32 = Debug_IOCPServer|Win32
		Debug|Win32 = Debug|Win32
		release_Completion|Win32 = release_Completion|Win32
		Release_IOCPServer|Win32 = Release_IOCPServer|Win32
		Release|Win32 = Release|Win32
		sun_Send_debug|Win32 = sun_Send_debug|Win32
		sun_send_release|Win32 = sun_send_release|Win32
		东航专用|Win32 = 东航专用|Win32
		东航专用-release|Win32 = 东航专用-release|Win32
	EndGlobalSection
	GlobalSection(ProjectConfigurationPlatforms) = postSolution
		{7C96B28B-225D-4C31-8674-6F80757833DF}.debug_Completion|Win32.ActiveCfg = Debug|Win32
		{7C96B28B-225D-4C31-8674-6F80757833DF}.debug_Completion|Win32.Build.0 = Debug|Win32
		{7C96B28B-225D-4C31-8674-6F80757833DF}.Debug_IOCPServer|Win32.ActiveCfg = Debug|Win32
		{7C96B28B-225D-4C31-8674-6F80757833DF}.Debug_IOCPServer|Win32.Build.0 = Debug|Win32
		{7C96B28B-225D-4C31-8674-6F80757833DF}.Debug|Win32.ActiveCfg = Debug|Win32
		{7C96B28B-225D-4C31-8674-6F80757833DF}.Debug|Win32.Build.0 = Debug|Win32
		{7C96B28B-225D-4C31-8674-6F80757833DF}.release_Completion|Win32.ActiveCfg = Release|Win32
		{7C96B28B-225D-4C31-8674-6F80757833DF}.release_Completion|Win32.Build.0 = Release|Win32
		{7C96B28B-225D-4C31-8674-6F80757833DF}.Release_IOCPServer|Win32.ActiveCfg = Release|Win32
		{7C96B28B-225D-4C31-8674-6F80757833DF}.Release_IOCPServer|Win32.Build.0 = Release|Win32
		{7C96B28B-225D-4C31-8674-6F80757833DF}.Release|Win32.ActiveCfg = Release|Win32
		{7C96B28B-225D-4C31-8674-6F80757833DF}.Release|Win32.Build.0 = Release|Win32
		{7C96B28B-225D-4C31-8674-6F80757833DF}.sun_Send_debug|Win32.ActiveCfg = Release|Win32
		{7C96B28B-225D-4C31-8674-6F80757833DF}.sun_Send_debug|Win32.Build.0 = Release|Win32
		{7C96B28B-225D-4C31-8674-6F80757833DF}.sun_send_release|Win32.ActiveCfg = Release|Win32
		{7C96B28B-225D-4C31-8674-6F80757833DF}.sun_send_release|Win32.Build.0 = Release|Win32
		{7C96B28B-225D-4C31-8674-6F80757833DF}.东航专用|Win32.ActiveCfg = Release|Win32
		{7C96B28B-225D-4C31-8674-6F80757833DF}.东航专用|Win32.Build.0 = Release|Win32
		{7C96B28B-225D-4C31-8674-6F80757833DF}.东航专用-release|Win32.ActiveCfg = Release|Win32
		{7C96B28B-225D-4C31-8674-6F80757833DF}.东航专用-release|Win32.Build.0 = Release|Win32
		{C41CAA9B-1F1E-4F92-B0D9-435541091969}.debug_Completion|Win32.ActiveCfg = Debug|Win32
		{C41CAA9B-1F1E-4F92-B0D9-435541091969}.debug_Completion|Win32.Build.0 = Debug|Win32
		{C41CAA9B-1F1E-4F92-B0D9-435541091969}.Debug_IOCPServer|Win32.ActiveCfg = Debug|Win32
		{C41CAA9B-1F1E-4F92-B0D9-435541091969}.Debug_IOCPServer|Win32.Build.0 = Debug|Win32
		{C41CAA9B-1F1E-4F92-B0D9-435541091969}.Debug|Win32.ActiveCfg = Debug|Win32
		{C41CAA9B-1F1E-4F92-B0D9-435541091969}.Debug|Win32.Build.0 = Debug|Win32
		{C41CAA9B-1F1E-4F92-B0D9-435541091969}.release_Completion|Win32.ActiveCfg = Release|Win32
		{C41CAA9B-1F1E-4F92-B0D9-435541091969}.release_Completion|Win32.Build.0 = Release|Win32
		{C41CAA9B-1F1E-4F92-B0D9-435541091969}.Release_IOCPServer|Win32.ActiveCfg = Release|Win32
		{C41CAA9B-1F1E-4F92-B0D9-435541091969}.Release_IOCPServer|Win32.Build.0 = Release|Win32
		{C41CAA9B-1F1E-4F92-B0D9-435541091969}.Release|Win32.ActiveCfg = Release|Win32
		{C41CAA9B-1F1E-4F92-B0D9-435541091969}.Release|Win32.Build.0 = Release|Win32
		{C41CAA9B-1F1E-4F92-B0D9-435541091969}.sun_Send_debug|Win32.ActiveCfg = Release|Win32
		{C41CAA9B-1F1E-4F92-B0D9-435541091969}.sun_Send_debug|Win32.Build.0 = Release|Win32
		{C41CAA9B-1F1E-4F92-B0D9-435541091969}.sun_send_release|Win32.ActiveCfg = Release|Win32
		{C41CAA9B-1F1E-4F92-B0D9-435541091969}.sun_send_release|Win32.Build.0 = Release|Win32
		{C41CAA9B-1F1E-4F92-B0D9-435541091969}.东航专用|Win32.ActiveCfg = Release|Win32
		{C41CAA9B-1F1E-4F92-B0D9-435541091969}.东航专用|Win32.Build.0 = Release|Win32
		{C41CAA9B-1F1E-4F92-B0D9-435541091969}.东航专用-release|Win32.ActiveCfg = Release|Win32
		{C41CAA9B-1F1E-4F92-B0D9-435541091969}.东航专用-release|Win32.Build.0 = Release|Win32
		{8AAA8E2F-94DC-4B53-AEF1-524CFEADB963}.debug_Completion|Win32.ActiveCfg = Debug|Win32
		{8AAA8E2F-94DC-4B53-AEF1-524CFEADB963}.debug_Completion|Win32.Build.0 = Debug|Win32
		{8AAA8E2F-94DC-4B53-AEF1-524CFEADB963}.Debug_IOCPServer|Win32.ActiveCfg = Debug|Win32
		{8AAA8E2F-94DC-4B53-AEF1-524CFEADB963}.Debug_IOCPServer|Win32.Build.0 = Debug|Win32
		{8AAA8E2F-94DC-4B53-AEF1-524CFEADB963}.Debug|Win32.ActiveCfg = Debug|Win32
		{8AAA8E2F-94DC-4B53-AEF1-524CFEADB963}.Debug|Win32.Build.0 = Debug|Win32
		{8AAA8E2F-94DC-4B53-AEF1-524CFEADB963}.release_Completion|Win32.ActiveCfg = Release|Win32
		{8AAA8E2F-94DC-4B53-AEF1-524CFEADB963}.release_Completion|Win32.Build.0 = Release|Win32
		{8AAA8E2F-94DC-4B53-AEF1-524CFEADB963}.Release_IOCPServer|Win32.ActiveCfg = Release|Win32
		{8AAA8E2F-94DC-4B53-AEF1-524CFEADB963}.Release_IOCPServer|Win32.Build.0 = Release|Win32
		{8AAA8E2F-94DC-4B53-AEF1-524CFEADB963}.Release|Win32.ActiveCfg = Release|Win32
		{8AAA8E2F-94DC-4B53-AEF1-524CFEADB963}.Release|Win32.Build.0 = Release|Win32
		{8AAA8E2F-94DC-4B53-AEF1-524CFEADB963}.sun_Send_debug|Win32.ActiveCfg = Release|Win32
		{8AAA8E2F-94DC-4B53-AEF1-524CFEADB963}.sun_Send_debug|Win32.Build.0 = Release|Win32
		{8AAA8E2F-94DC-4B53-AEF1-524CFEADB963}.sun_send_release|Win32.ActiveCfg = Release|Win32
		{8AAA8E2F-94DC-4B53-AEF1-524CFEADB963}.sun_send_release|Win32.Build.0 = Release|Win32
		{8AAA8E2F-94DC-4B53-AEF1-524CFEADB963}.东航专用|Win32.ActiveCfg = Release|Win32
		{8AAA8E2F-94DC-4B53-AEF1-524CFEADB963}.东航专用|Win32.Build.0 = Release|Win32
		{8AAA8E2F-94DC-4B53-AEF1-524CFEADB963}.东航专用-release|Win32.ActiveCfg = Release|Win32
		{8AAA8E2F-94DC-4B53-AEF1-524CFEADB963}.东航专用-release|Win32.Build.0 = Release|Win32
		{1AD31E56-1775-4CE2-8DA6-7F2267A0BA30}.debug_Completion|Win32.ActiveCfg = Debug
		{1AD31E56-1775-4CE2-8DA6-7F2267A0BA30}.debug_Completion|Win32.Build.0 = Debug
		{1AD31E56-1775-4CE2-8DA6-7F2267A0BA30}.Debug_IOCPServer|Win32.ActiveCfg = Debug
		{1AD31E56-1775-4CE2-8DA6-7F2267A0BA30}.Debug_IOCPServer|Win32.Build.0 = Debug
		{1AD31E56-1775-4CE2-8DA6-7F2267A0BA30}.Debug|Win32.ActiveCfg = Debug
		{1AD31E56-1775-4CE2-8DA6-7F2267A0BA30}.Debug|Win32.Build.0 = Debug
		{1AD31E56-1775-4CE2-8DA6-7F2267A0BA30}.release_Completion|Win32.ActiveCfg = Release
		{1AD31E56-1775-4CE2-8DA6-7F2267A0BA30}.release_Completion|Win32.Build.0 = Release
		{1AD31E56-1775-4CE2-8DA6-7F2267A0BA30}.Release_IOCPServer|Win32.ActiveCfg = Release
		{1AD31E56-1775-4CE2-8DA6-7F2267A0BA30}.Release_IOCPServer|Win32.Build.0 = Release
		{1AD31E56-1775-4CE2-8DA6-7F2267A0BA30}.Release|Win32.ActiveCfg = Release
		{1AD31E56-1775-4CE2-8DA6-7F2267A0BA30}.Release|Win32.Build.0 = Release
		{1AD31E56-1775-4CE2-8DA6-7F2267A0BA30}.sun_Send_debug|Win32.ActiveCfg = Release
		{1AD31E56-1775-4CE2-8DA6-7F2267A0BA30}.sun_Send_debug|Win32.Build.0 = Release
		{1AD31E56-1775-4CE2-8DA6-7F2267A0BA30}.sun_send_release|Win32.ActiveCfg = Release
		{1AD31E56-1775-4CE2-8DA6-7F2267A0BA30}.sun_send_release|Win32.Build.0 = Release
		{1AD31E56-1775-4CE2-8DA6-7F2267A0BA30}.东航专用|Win32.ActiveCfg = Release
		{1AD31E56-1775-4CE2-8DA6-7F2267A0BA30}.东航专用|Win32.Build.0 = Release
		{1AD31E56-1775-4CE2-8DA6-7F2267A0BA30}.东航专用-release|Win32.ActiveCfg = Release
		{1AD31E56-1775-4CE2-8DA6-7F2267A0BA30}.东航专用-release|Win32.Build.0 = Release
		{52433589-C90C-458E-852F-32BBCDC9461A}.debug_Completion|Win32.ActiveCfg = Debug|Win32
		{52433589-C90C-458E-852F-32BBCDC9461A}.debug_Completion|Win32.Build.0 = Debug|Win32
		{52433589-C90C-458E-852F-32BBCDC9461A}.Debug_IOCPServer|Win32.ActiveCfg = Debug|Win32
		{52433589-C90C-458E-852F-32BBCDC9461A}.Debug_IOCPServer|Win32.Build.0 = Debug|Win32
		{52433589-C90C-458E-852F-32BBCDC9461A}.Debug|Win32.ActiveCfg = Debug|Win32
		{52433589-C90C-458E-852F-32BBCDC9461A}.Debug|Win32.Build.0 = Debug|Win32
		{52433589-C90C-458E-852F-32BBCDC9461A}.release_Completion|Win32.ActiveCfg = Release|Win32
		{52433589-C90C-458E-852F-32BBCDC9461A}.release_Completion|Win32.Build.0 = Release|Win32
		{52433589-C90C-458E-852F-32BBCDC9461A}.Release_IOCPServer|Win32.ActiveCfg = Release|Win32
		{52433589-C90C-458E-852F-32BBCDC9461A}.Release_IOCPServer|Win32.Build.0 = Release|Win32
		{52433589-C90C-458E-852F-32BBCDC9461A}.Release|Win32.ActiveCfg = Release|Win32
		{52433589-C90C-458E-852F-32BBCDC9461A}.Release|Win32.Build.0 = Release|Win32
		{52433589-C90C-458E-852F-32BBCDC9461A}.sun_Send_debug|Win32.ActiveCfg = Debug|Win32
		{52433589-C90C-458E-852F-32BBCDC9461A}.sun_Send_debug|Win32.Build.0 = Debug|Win32
		{52433589-C90C-458E-852F-32BBCDC9461A}.sun_send_release|Win32.ActiveCfg = Debug|Win32
		{52433589-C90C-458E-852F-32BBCDC9461A}.sun_send_release|Win32.Build.0 = Debug|Win32
		{52433589-C90C-458E-852F-32BBCDC9461A}.东航专用|Win32.ActiveCfg = Debug|Win32
		{52433589-C90C-458E-852F-32BBCDC9461A}.东航专用|Win32.Build.0 = Debug|Win32
		{52433589-C90C-458E-852F-32BBCDC9461A}.东航专用-release|Win32.ActiveCfg = Debug|Win32
		{52433589-C90C-458E-852F-32BBCDC9461A}.东航专用-release|Win32.Build.0 = Debug|Win32
		{E2DDC80B-76E9-4967-A4A8-3BD074BDEA81}.debug_Completion|Win32.ActiveCfg = Debug|Win32
		{E2DDC80B-76E9-4967-A4A8-3BD074BDEA81}.debug_Completion|Win32.Build.0 = Debug|Win32
		{E2DDC80B-76E9-4967-A4A8-3BD074BDEA81}.Debug_IOCPServer|Win32.ActiveCfg = Debug|Win32
		{E2DDC80B-76E9-4967-A4A8-3BD074BDEA81}.Debug_IOCPServer|Win32.Build.0 = Debug|Win32
		{E2DDC80B-76E9-4967-A4A8-3BD074BDEA81}.Debug|Win32.ActiveCfg = Debug|Win32
		{E2DDC80B-76E9-4967-A4A8-3BD074BDEA81}.Debug|Win32.Build.0 = Debug|Win32
		{E2DDC80B-76E9-4967-A4A8-3BD074BDEA81}.release_Completion|Win32.ActiveCfg = Release|Win32
		{E2DDC80B-76E9-4967-A4A8-3BD074BDEA81}.release_Completion|Win32.Build.0 = Release|Win32
		{E2DDC80B-76E9-4967-A4A8-3BD074BDEA81}.Release_IOCPServer|Win32.ActiveCfg = Release|Win32
		{E2DDC80B-76E9-4967-A4A8-3BD074BDEA81}.Release_IOCPServer|Win32.Build.0 = Release|Win32
		{E2DDC80B-76E9-4967-A4A8-3BD074BDEA81}.Release|Win32.ActiveCfg = Release|Win32
		{E2DDC80B-76E9-4967-A4A8-3BD074BDEA81}.Release|Win32.Build.0 = Release|Win32
		{E2DDC80B-76E9-4967-A4A8-3BD074BDEA81}.sun_Send_debug|Win32.ActiveCfg = Release|Win32
		{E2DDC80B-76E9-4967-A4A8-3BD074BDEA81}.sun_Send_debug|Win32.Build.0 = Release|Win32
		{E2DDC80B-76E9-4967-A4A8-3BD074BDEA81}.sun_send_release|Win32.ActiveCfg = Release|Win32
		{E2DDC80B-76E9-4967-A4A8-3BD074BDEA81}.sun_send_release|Win32.Build.0 = Release|Win32
		{E2DDC80B-76E9-4967-A4A8-3BD074BDEA81}.东航专用|Win32.ActiveCfg = Release|Win32
		{E2DDC80B-76E9-4967-A4A8-3BD074BDEA81}.东航专用|Win32.Build.0 = Release|Win32
		{E2DDC80B-76E9-4967-A4A8-3BD074BDEA81}.东航专用-release|Win32.ActiveCfg = Release|Win32
		{E2DDC80B-76E9-4967-A4A8-3BD074BDEA81}.东航专用-release|Win32.Build.0 = Release|Win32
		{403151EF-0DC2-4E90-A84F-9DBD7655A249}.debug_Completion|Win32.ActiveCfg = Debug|Win32
		{403151EF-0DC2-4E90-A84F-9DBD7655A249}.debug_Completion|Win32.Build.0 = Debug|Win32
		{403151EF-0DC2-4E90-A84F-9DBD7655A249}.Debug_IOCPServer|Win32.ActiveCfg = Debug|Win32
		{403151EF-0DC2-4E90-A84F-9DBD7655A249}.Debug_IOCPServer|Win32.Build.0 = Debug|Win32
		{403151EF-0DC2-4E90-A84F-9DBD7655A249}.Debug|Win32.ActiveCfg = Debug|Win32
		{403151EF-0DC2-4E90-A84F-9DBD7655A249}.Debug|Win32.Build.0 = Debug|Win32
		{403151EF-0DC2-4E90-A84F-9DBD7655A249}.release_Completion|Win32.ActiveCfg = Release|Win32
		{403151EF-0DC2-4E90-A84F-9DBD7655A249}.release_Completion|Win32.Build.0 = Release|Win32
		{403151EF-0DC2-4E90-A84F-9DBD7655A249}.Release_IOCPServer|Win32.ActiveCfg = Release|Win32
		{403151EF-0DC2-4E90-A84F-9DBD7655A249}.Release_IOCPServer|Win32.Build.0 = Release|Win32
		{403151EF-0DC2-4E90-A84F-9DBD7655A249}.Release|Win32.ActiveCfg = Release|Win32
		{403151EF-0DC2-4E90-A84F-9DBD7655A249}.Release|Win32.Build.0 = Release|Win32
		{403151EF-0DC2-4E90-A84F-9DBD7655A249}.sun_Send_debug|Win32.ActiveCfg = Release|Win32
		{403151EF-0DC2-4E90-A84F-9DBD7655A249}.sun_Send_debug|Win32.Build.0 = Release|Win32
		{403151EF-0DC2-4E90-A84F-9DBD7655A249}.sun_send_release|Win32.ActiveCfg = Release|Win32
		{403151EF-0DC2-4E90-A84F-9DBD7655A249}.sun_send_release|Win32.Build.0 = Release|Win32
		{403151EF-0DC2-4E90-A84F-9DBD7655A249}.东航专用|Win32.ActiveCfg = Release|Win32
		{403151EF-0DC2-4E90-A84F-9DBD7655A249}.东航专用|Win32.Build.0 = Release|Win32
		{403151EF-0DC2-4E90-A84F-9DBD7655A249}.东航专用-release|Win32.ActiveCfg = Release|Win32
		{403151EF-0DC2-4E90-A84F-9DBD7655A249}.东航专用-release|Win32.Build.0 = Release|Win32
		{BC830E16-48F7-413E-AE06-938265FA447E}.debug_Completion|Win32.ActiveCfg = Debug|Win32
		{BC830E16-48F7-413E-AE06-938265FA447E}.debug_Completion|Win32.Build.0 = Debug|Win32
		{BC830E16-48F7-413E-AE06-938265FA447E}.Debug_IOCPServer|Win32.ActiveCfg = Debug|Win32
		{BC830E16-48F7-413E-AE06-938265FA447E}.Debug_IOCPServer|Win32.Build.0 = Debug|Win32
		{BC830E16-48F7-413E-AE06-938265FA447E}.Debug|Win32.ActiveCfg = Debug|Win32
		{BC830E16-48F7-413E-AE06-938265FA447E}.Debug|Win32.Build.0 = Debug|Win32
		{BC830E16-48F7-413E-AE06-938265FA447E}.release_Completion|Win32.ActiveCfg = Release|Win32
		{BC830E16-48F7-413E-AE06-938265FA447E}.release_Completion|Win32.Build.0 = Release|Win32
		{BC830E16-48F7-413E-AE06-938265FA447E}.Release_IOCPServer|Win32.ActiveCfg = Release|Win32
		{BC830E16-48F7-413E-AE06-938265FA447E}.Release_IOCPServer|Win32.Build.0 = Release|Win32
		{BC830E16-48F7-413E-AE06-938265FA447E}.Release|Win32.ActiveCfg = Release|Win32
		{BC830E16-48F7-413E-AE06-938265FA447E}.Release|Win32.Build.0 = Release|Win32
		{BC830E16-48F7-413E-AE06-938265FA447E}.sun_Send_debug|Win32.ActiveCfg = Release|Win32
		{BC830E16-48F7-413E-AE06-938265FA447E}.sun_Send_debug|Win32.Build.0 = Release|Win32
		{BC830E16-48F7-413E-AE06-938265FA447E}.sun_send_release|Win32.ActiveCfg = Release|Win32
		{BC830E16-48F7-413E-AE06-938265FA447E}.sun_send_release|Win32.Build.0 = Release|Win32
		{BC830E16-48F7-413E-AE06-938265FA447E}.东航专用|Win32.ActiveCfg = Release|Win32
		{BC830E16-48F7-413E-AE06-938265FA447E}.东航专用|Win32.Build.0 = Release|Win32
		{BC830E16-48F7-413E-AE06-938265FA447E}.东航专用-release|Win32.ActiveCfg = Release|Win32
		{BC830E16-48F7-413E-AE06-938265FA447E}.东航专用-release|Win32.Build.0 = Release|Win32
		{40578497-324E-4267-90E8-F575E0FDBB37}.debug_Completion|Win32.ActiveCfg = debug_Completion|Win32
		{40578497-324E-4267-90E8-F575E0FDBB37}.debug_Completion|Win32.Build.0 = debug_Completion|Win32
		{40578497-324E-4267-90E8-F575E0FDBB37}.Debug_IOCPServer|Win32.ActiveCfg = Debug_IOCPServer|Win32
		{40578497-324E-4267-90E8-F575E0FDBB37}.Debug_IOCPServer|Win32.Build.0 = Debug_IOCPServer|Win32
		{40578497-324E-4267-90E8-F575E0FDBB37}.Debug|Win32.ActiveCfg = Debug|Win32
		{40578497-324E-4267-90E8-F575E0FDBB37}.Debug|Win32.Build.0 = Debug|Win32
		{40578497-324E-4267-90E8-F575E0FDBB37}.release_Completion|Win32.ActiveCfg = release_Completion|Win32
		{40578497-324E-4267-90E8-F575E0FDBB37}.release_Completion|Win32.Build.0 = release_Completion|Win32
		{40578497-324E-4267-90E8-F575E0FDBB37}.Release_IOCPServer|Win32.ActiveCfg = Release_IOCPServer|Win32
		{40578497-324E-4267-90E8-F575E0FDBB37}.Release_IOCPServer|Win32.Build.0 = Release_IOCPServer|Win32
		{40578497-324E-4267-90E8-F575E0FDBB37}.Release|Win32.ActiveCfg = Release|Win32
		{40578497-324E-4267-90E8-F575E0FDBB37}.Release|Win32.Build.0 = Release|Win32
		{40578497-324E-4267-90E8-F575E0FDBB37}.sun_Send_debug|Win32.ActiveCfg = sun_Send_debug|Win32
		{40578497-324E-4267-90E8-F575E0FDBB37}.sun_Send_debug|Win32.Build.0 = sun_Send_debug|Win32
		{40578497-324E-4267-90E8-F575E0FDBB37}.sun_send_release|Win32.ActiveCfg = sun_send_release|Win32
		{40578497-324E-4267-90E8-F575E0FDBB37}.sun_send_release|Win32.Build.0 = sun_send_release|Win32
		{40578497-324E-4267-90E8-F575E0FDBB37}.东航专用|Win32.ActiveCfg = 东航专用|Win32
		{40578497-324E-4267-90E8-F575E0FDBB37}.东航专用|Win32.Build.0 = 东航专用|Win32
		{40578497-324E-4267-90E8-F575E0FDBB37}.东航专用-release|Win32.ActiveCfg = 东航专用-release|Win32
		{40578497-324E-4267-90E8-F575E0FDBB37}.东航专用-release|Win32.Build.0 = 东航专用-release|Win32
		{BE1BF216-2C60-4640-AB1C-967676537C5F}.debug_Completion|Win32.ActiveCfg = Debug|Win32
		{BE1BF216-2C60-4640-AB1C-967676537C5F}.debug_Completion|Win32.Build.0 = Debug|Win32
		{BE1BF216-2C60-4640-AB1C-967676537C5F}.Debug_IOCPServer|Win32.ActiveCfg = Debug|Win32
		{BE1BF216-2C60-4640-AB1C-967676537C5F}.Debug_IOCPServer|Win32.Build.0 = Debug|Win32
		{BE1BF216-2C60-4640-AB1C-967676537C5F}.Debug|Win32.ActiveCfg = Debug|Win32
		{BE1BF216-2C60-4640-AB1C-967676537C5F}.Debug|Win32.Build.0 = Debug|Win32
		{BE1BF216-2C60-4640-AB1C-967676537C5F}.release_Completion|Win32.ActiveCfg = Release|Win32
		{BE1BF216-2C60-4640-AB1C-967676537C5F}.release_Completion|Win32.Build.0 = Release|Win32
		{BE1BF216-2C60-4640-AB1C-967676537C5F}.Release_IOCPServer|Win32.ActiveCfg = Release|Win32
		{BE1BF216-2C60-4640-AB1C-967676537C5F}.Release_IOCPServer|Win32.Build.0 = Release|Win32
		{BE1BF216-2C60-4640-AB1C-967676537C5F}.Release|Win32.ActiveCfg = Release|Win32
		{BE1BF216-2C60-4640-AB1C-967676537C5F}.Release|Win32.Build.0 = Release|Win32
		{BE1BF216-2C60-4640-AB1C-967676537C5F}.sun_Send_debug|Win32.ActiveCfg = Release|Win32
		{BE1BF216-2C60-4640-AB1C-967676537C5F}.sun_Send_debug|Win32.Build.0 = Release|Win32
		{BE1BF216-2C60-4640-AB1C-967676537C5F}.sun_send_release|Win32.ActiveCfg = Release|Win32
		{BE1BF216-2C60-4640-AB1C-967676537C5F}.sun_send_release|Win32.Build.0 = Release|Win32
		{BE1BF216-2C60-4640-AB1C-967676537C5F}.东航专用|Win32.ActiveCfg = Release|Win32
		{BE1BF216-2C60-4640-AB1C-967676537C5F}.东航专用|Win32.Build.0 = Release|Win32
		{BE1BF216-2C60-4640-AB1C-967676537C5F}.东航专用-release|Win32.ActiveCfg = Release|Win32
		{BE1BF216-2C60-4640-AB1C-967676537C5F}.东航专用-release|Win32.Build.0 = Release|Win32
		{56283C96-4524-44F9-B666-92B9CE90A902}.debug_Completion|Win32.ActiveCfg = Debug|Win32
		{56283C96-4524-44F9-B666-92B9CE90A902}.debug_Completion|Win32.Build.0 = Debug|Win32
		{56283C96-4524-44F9-B666-92B9CE90A902}.Debug_IOCPServer|Win32.ActiveCfg = Debug|Win32
		{56283C96-4524-44F9-B666-92B9CE90A902}.Debug_IOCPServer|Win32.Build.0 = Debug|Win32
		{56283C96-4524-44F9-B666-92B9CE90A902}.Debug|Win32.ActiveCfg = Debug|Win32
		{56283C96-4524-44F9-B666-92B9CE90A902}.Debug|Win32.Build.0 = Debug|Win32
		{56283C96-4524-44F9-B666-92B9CE90A902}.release_Completion|Win32.ActiveCfg = Release|Win32
		{56283C96-4524-44F9-B666-92B9CE90A902}.release_Completion|Win32.Build.0 = Release|Win32
		{56283C96-4524-44F9-B666-92B9CE90A902}.Release_IOCPServer|Win32.ActiveCfg = Release|Win32
		{56283C96-4524-44F9-B666-92B9CE90A902}.Release_IOCPServer|Win32.Build.0 = Release|Win32
		{56283C96-4524-44F9-B666-92B9CE90A902}.Release|Win32.ActiveCfg = Release|Win32
		{56283C96-4524-44F9-B666-92B9CE90A902}.Release|Win32.Build.0 = Release|Win32
		{56283C96-4524-44F9-B666-92B9CE90A902}.sun_Send_debug|Win32.ActiveCfg = Release|Win32
		{56283C96-4524-44F9-B666-92B9CE90A902}.sun_Send_debug|Win32.Build.0 = Release|Win32
		{56283C96-4524-44F9-B666-92B9CE90A902}.sun_send_release|Win32.ActiveCfg = Release|Win32
		{56283C96-4524-44F9-B666-92B9CE90A902}.sun_send_release|Win32.Build.0 = Release|Win32
		{56283C96-4524-44F9-B666-92B9CE90A902}.东航专用|Win32.ActiveCfg = Release|Win32
		{56283C96-4524-44F9-B666-92B9CE90A902}.东航专用|Win32.Build.0 = Release|Win32
		{56283C96-4524-44F9-B666-92B9CE90A902}.东航专用-release|Win32.ActiveCfg = Release|Win32
		{56283C96-4524-44F9-B666-92B9CE90A902}.东航专用-release|Win32.Build.0 = Release|Win32
	EndGlobalSection
	GlobalSection(SolutionProperties) = preSolution
		HideSolutionNode = FALSE
	EndGlobalSection
EndGlobal
