
Microsoft Visual Studio Solution File, Format Version 9.00
# Visual Studio 2005
Project("{8BC9CEB8-8B4A-11D0-8D11-00A0C91BC942}") = "FramworkApSampler", "FramworkApSampler\FramworkApSampler_2005.vcproj", "{7C96B28B-225D-4C31-8674-6F80757833DF}"
EndProject
Project("{8BC9CEB8-8B4A-11D0-8D11-00A0C91BC942}") = "Convergence", "Convergence\Convergence_2005.vcproj", "{97995D66-0506-4101-9428-0B70A9AC371C}"
	ProjectSection(ProjectDependencies) = postProject
		{7C96B28B-225D-4C31-8674-6F80757833DF} = {7C96B28B-225D-4C31-8674-6F80757833DF}
		{CD9CE7FF-E104-4892-A15F-CE75599C8871} = {CD9CE7FF-E104-4892-A15F-CE75599C8871}
	EndProjectSection
EndProject
Project("{8BC9CEB8-8B4A-11D0-8D11-00A0C91BC942}") = "Sampler", "Sampler\Sampler_2005.vcproj", "{7641B8EB-6AF7-446D-86EB-A2E5CA9BD6E2}"
	ProjectSection(ProjectDependencies) = postProject
		{7C96B28B-225D-4C31-8674-6F80757833DF} = {7C96B28B-225D-4C31-8674-6F80757833DF}
		{CD9CE7FF-E104-4892-A15F-CE75599C8871} = {CD9CE7FF-E104-4892-A15F-CE75599C8871}
	EndProjectSection
EndProject
Project("{8BC9CEB8-8B4A-11D0-8D11-00A0C91BC942}") = "DataSrc_sge", "DataSrc_sge\DataSrc_sge_2005.vcproj", "{1CD35E61-9BA0-42E4-A50D-26586D6C9BD8}"
EndProject
Project("{8BC9CEB8-8B4A-11D0-8D11-00A0C91BC942}") = "DataSrc_wjf", "DataSrc_wjf\DataSrc_wjf_2005.vcproj", "{573BD005-3349-450C-BEBB-B2BC03ADDD3A}"
EndProject
Project("{8BC9CEB8-8B4A-11D0-8D11-00A0C91BC942}") = "DataProvider", "DataProvider\Provider_2005.vcproj", "{7546DF9A-25D1-4966-A918-095EC0F2A9CF}"
EndProject
Project("{8BC9CEB8-8B4A-11D0-8D11-00A0C91BC942}") = "zlib", "zlib\zlib_2005.vcproj", "{40578497-324E-4267-90E8-F575E0FDBB37}"
EndProject
Project("{8BC9CEB8-8B4A-11D0-8D11-00A0C91BC942}") = "SmsInterface", "SmsInterface\SmsInterface_2005.vcproj", "{BE1BF216-2C60-4640-AB1C-967676537C5F}"
EndProject
Project("{8BC9CEB8-8B4A-11D0-8D11-00A0C91BC942}") = "HisData", "HisData\HisData_2005.vcproj", "{A829CB18-0821-457E-97DC-8EF52B39C05C}"
EndProject
Project("{8BC9CEB8-8B4A-11D0-8D11-00A0C91BC942}") = "SvAgent", "SvAgent\SvAgent_2005.vcproj", "{CD9CE7FF-E104-4892-A15F-CE75599C8871}"
	ProjectSection(ProjectDependencies) = postProject
		{7C96B28B-225D-4C31-8674-6F80757833DF} = {7C96B28B-225D-4C31-8674-6F80757833DF}
	EndProjectSection
EndProject
Project("{8BC9CEB8-8B4A-11D0-8D11-00A0C91BC942}") = "Quotation Server", "QuotationServer\Quotation_2005.vcproj", "{9143C17B-1079-42F9-AA0B-7A01B115C08A}"
EndProject
Global
	GlobalSection(SolutionConfigurationPlatforms) = preSolution
		debug_Completion|Win32 = debug_Completion|Win32
		Debug_IOCPServer|Win32 = Debug_IOCPServer|Win32
		Debug|Win32 = Debug|Win32
		release_Completion|Win32 = release_Completion|Win32
		Release_IOCPServer|Win32 = Release_IOCPServer|Win32
		Release|Win32 = Release|Win32
		sun_Send_debug|Win32 = sun_Send_debug|Win32
		sun_send_release|Win32 = sun_send_release|Win32
		东航专用|Win32 = 东航专用|Win32
		东航专用-release|Win32 = 东航专用-release|Win32
	EndGlobalSection
	GlobalSection(ProjectConfigurationPlatforms) = postSolution
		{7C96B28B-225D-4C31-8674-6F80757833DF}.debug_Completion|Win32.ActiveCfg = Debug|Win32
		{7C96B28B-225D-4C31-8674-6F80757833DF}.debug_Completion|Win32.Build.0 = Debug|Win32
		{7C96B28B-225D-4C31-8674-6F80757833DF}.Debug_IOCPServer|Win32.ActiveCfg = Debug|Win32
		{7C96B28B-225D-4C31-8674-6F80757833DF}.Debug_IOCPServer|Win32.Build.0 = Debug|Win32
		{7C96B28B-225D-4C31-8674-6F80757833DF}.Debug|Win32.ActiveCfg = Debug|Win32
		{7C96B28B-225D-4C31-8674-6F80757833DF}.Debug|Win32.Build.0 = Debug|Win32
		{7C96B28B-225D-4C31-8674-6F80757833DF}.release_Completion|Win32.ActiveCfg = Release|Win32
		{7C96B28B-225D-4C31-8674-6F80757833DF}.release_Completion|Win32.Build.0 = Release|Win32
		{7C96B28B-225D-4C31-8674-6F80757833DF}.Release_IOCPServer|Win32.ActiveCfg = Release|Win32
		{7C96B28B-225D-4C31-8674-6F80757833DF}.Release_IOCPServer|Win32.Build.0 = Release|Win32
		{7C96B28B-225D-4C31-8674-6F80757833DF}.Release|Win32.ActiveCfg = Release|Win32
		{7C96B28B-225D-4C31-8674-6F80757833DF}.Release|Win32.Build.0 = Release|Win32
		{7C96B28B-225D-4C31-8674-6F80757833DF}.sun_Send_debug|Win32.ActiveCfg = Release|Win32
		{7C96B28B-225D-4C31-8674-6F80757833DF}.sun_Send_debug|Win32.Build.0 = Release|Win32
		{7C96B28B-225D-4C31-8674-6F80757833DF}.sun_send_release|Win32.ActiveCfg = Release|Win32
		{7C96B28B-225D-4C31-8674-6F80757833DF}.sun_send_release|Win32.Build.0 = Release|Win32
		{7C96B28B-225D-4C31-8674-6F80757833DF}.东航专用|Win32.ActiveCfg = Release|Win32
		{7C96B28B-225D-4C31-8674-6F80757833DF}.东航专用|Win32.Build.0 = Release|Win32
		{7C96B28B-225D-4C31-8674-6F80757833DF}.东航专用-release|Win32.ActiveCfg = Release|Win32
		{7C96B28B-225D-4C31-8674-6F80757833DF}.东航专用-release|Win32.Build.0 = Release|Win32
		{97995D66-0506-4101-9428-0B70A9AC371C}.debug_Completion|Win32.ActiveCfg = Debug|Win32
		{97995D66-0506-4101-9428-0B70A9AC371C}.debug_Completion|Win32.Build.0 = Debug|Win32
		{97995D66-0506-4101-9428-0B70A9AC371C}.Debug_IOCPServer|Win32.ActiveCfg = Debug|Win32
		{97995D66-0506-4101-9428-0B70A9AC371C}.Debug_IOCPServer|Win32.Build.0 = Debug|Win32
		{97995D66-0506-4101-9428-0B70A9AC371C}.Debug|Win32.ActiveCfg = Debug|Win32
		{97995D66-0506-4101-9428-0B70A9AC371C}.Debug|Win32.Build.0 = Debug|Win32
		{97995D66-0506-4101-9428-0B70A9AC371C}.release_Completion|Win32.ActiveCfg = Release|Win32
		{97995D66-0506-4101-9428-0B70A9AC371C}.release_Completion|Win32.Build.0 = Release|Win32
		{97995D66-0506-4101-9428-0B70A9AC371C}.Release_IOCPServer|Win32.ActiveCfg = Release|Win32
		{97995D66-0506-4101-9428-0B70A9AC371C}.Release_IOCPServer|Win32.Build.0 = Release|Win32
		{97995D66-0506-4101-9428-0B70A9AC371C}.Release|Win32.ActiveCfg = Release|Win32
		{97995D66-0506-4101-9428-0B70A9AC371C}.Release|Win32.Build.0 = Release|Win32
		{97995D66-0506-4101-9428-0B70A9AC371C}.sun_Send_debug|Win32.ActiveCfg = Release|Win32
		{97995D66-0506-4101-9428-0B70A9AC371C}.sun_Send_debug|Win32.Build.0 = Release|Win32
		{97995D66-0506-4101-9428-0B70A9AC371C}.sun_send_release|Win32.ActiveCfg = Release|Win32
		{97995D66-0506-4101-9428-0B70A9AC371C}.sun_send_release|Win32.Build.0 = Release|Win32
		{97995D66-0506-4101-9428-0B70A9AC371C}.东航专用|Win32.ActiveCfg = Release|Win32
		{97995D66-0506-4101-9428-0B70A9AC371C}.东航专用|Win32.Build.0 = Release|Win32
		{97995D66-0506-4101-9428-0B70A9AC371C}.东航专用-release|Win32.ActiveCfg = Release|Win32
		{97995D66-0506-4101-9428-0B70A9AC371C}.东航专用-release|Win32.Build.0 = Release|Win32
		{7641B8EB-6AF7-446D-86EB-A2E5CA9BD6E2}.debug_Completion|Win32.ActiveCfg = Debug|Win32
		{7641B8EB-6AF7-446D-86EB-A2E5CA9BD6E2}.debug_Completion|Win32.Build.0 = Debug|Win32
		{7641B8EB-6AF7-446D-86EB-A2E5CA9BD6E2}.Debug_IOCPServer|Win32.ActiveCfg = Debug|Win32
		{7641B8EB-6AF7-446D-86EB-A2E5CA9BD6E2}.Debug_IOCPServer|Win32.Build.0 = Debug|Win32
		{7641B8EB-6AF7-446D-86EB-A2E5CA9BD6E2}.Debug|Win32.ActiveCfg = Debug|Win32
		{7641B8EB-6AF7-446D-86EB-A2E5CA9BD6E2}.Debug|Win32.Build.0 = Debug|Win32
		{7641B8EB-6AF7-446D-86EB-A2E5CA9BD6E2}.release_Completion|Win32.ActiveCfg = Release|Win32
		{7641B8EB-6AF7-446D-86EB-A2E5CA9BD6E2}.release_Completion|Win32.Build.0 = Release|Win32
		{7641B8EB-6AF7-446D-86EB-A2E5CA9BD6E2}.Release_IOCPServer|Win32.ActiveCfg = Release|Win32
		{7641B8EB-6AF7-446D-86EB-A2E5CA9BD6E2}.Release_IOCPServer|Win32.Build.0 = Release|Win32
		{7641B8EB-6AF7-446D-86EB-A2E5CA9BD6E2}.Release|Win32.ActiveCfg = Release|Win32
		{7641B8EB-6AF7-446D-86EB-A2E5CA9BD6E2}.Release|Win32.Build.0 = Release|Win32
		{7641B8EB-6AF7-446D-86EB-A2E5CA9BD6E2}.sun_Send_debug|Win32.ActiveCfg = Release|Win32
		{7641B8EB-6AF7-446D-86EB-A2E5CA9BD6E2}.sun_Send_debug|Win32.Build.0 = Release|Win32
		{7641B8EB-6AF7-446D-86EB-A2E5CA9BD6E2}.sun_send_release|Win32.ActiveCfg = Release|Win32
		{7641B8EB-6AF7-446D-86EB-A2E5CA9BD6E2}.sun_send_release|Win32.Build.0 = Release|Win32
		{7641B8EB-6AF7-446D-86EB-A2E5CA9BD6E2}.东航专用|Win32.ActiveCfg = Release|Win32
		{7641B8EB-6AF7-446D-86EB-A2E5CA9BD6E2}.东航专用|Win32.Build.0 = Release|Win32
		{7641B8EB-6AF7-446D-86EB-A2E5CA9BD6E2}.东航专用-release|Win32.ActiveCfg = Release|Win32
		{7641B8EB-6AF7-446D-86EB-A2E5CA9BD6E2}.东航专用-release|Win32.Build.0 = Release|Win32
		{1CD35E61-9BA0-42E4-A50D-26586D6C9BD8}.debug_Completion|Win32.ActiveCfg = Debug|Win32
		{1CD35E61-9BA0-42E4-A50D-26586D6C9BD8}.debug_Completion|Win32.Build.0 = Debug|Win32
		{1CD35E61-9BA0-42E4-A50D-26586D6C9BD8}.Debug_IOCPServer|Win32.ActiveCfg = Debug|Win32
		{1CD35E61-9BA0-42E4-A50D-26586D6C9BD8}.Debug_IOCPServer|Win32.Build.0 = Debug|Win32
		{1CD35E61-9BA0-42E4-A50D-26586D6C9BD8}.Debug|Win32.ActiveCfg = Debug|Win32
		{1CD35E61-9BA0-42E4-A50D-26586D6C9BD8}.Debug|Win32.Build.0 = Debug|Win32
		{1CD35E61-9BA0-42E4-A50D-26586D6C9BD8}.release_Completion|Win32.ActiveCfg = Release|Win32
		{1CD35E61-9BA0-42E4-A50D-26586D6C9BD8}.release_Completion|Win32.Build.0 = Release|Win32
		{1CD35E61-9BA0-42E4-A50D-26586D6C9BD8}.Release_IOCPServer|Win32.ActiveCfg = Release|Win32
		{1CD35E61-9BA0-42E4-A50D-26586D6C9BD8}.Release_IOCPServer|Win32.Build.0 = Release|Win32
		{1CD35E61-9BA0-42E4-A50D-26586D6C9BD8}.Release|Win32.ActiveCfg = Release|Win32
		{1CD35E61-9BA0-42E4-A50D-26586D6C9BD8}.Release|Win32.Build.0 = Release|Win32
		{1CD35E61-9BA0-42E4-A50D-26586D6C9BD8}.sun_Send_debug|Win32.ActiveCfg = Release|Win32
		{1CD35E61-9BA0-42E4-A50D-26586D6C9BD8}.sun_Send_debug|Win32.Build.0 = Release|Win32
		{1CD35E61-9BA0-42E4-A50D-26586D6C9BD8}.sun_send_release|Win32.ActiveCfg = Release|Win32
		{1CD35E61-9BA0-42E4-A50D-26586D6C9BD8}.sun_send_release|Win32.Build.0 = Release|Win32
		{1CD35E61-9BA0-42E4-A50D-26586D6C9BD8}.东航专用|Win32.ActiveCfg = Release|Win32
		{1CD35E61-9BA0-42E4-A50D-26586D6C9BD8}.东航专用|Win32.Build.0 = Release|Win32
		{1CD35E61-9BA0-42E4-A50D-26586D6C9BD8}.东航专用-release|Win32.ActiveCfg = Release|Win32
		{1CD35E61-9BA0-42E4-A50D-26586D6C9BD8}.东航专用-release|Win32.Build.0 = Release|Win32
		{573BD005-3349-450C-BEBB-B2BC03ADDD3A}.debug_Completion|Win32.ActiveCfg = Debug|Win32
		{573BD005-3349-450C-BEBB-B2BC03ADDD3A}.debug_Completion|Win32.Build.0 = Debug|Win32
		{573BD005-3349-450C-BEBB-B2BC03ADDD3A}.Debug_IOCPServer|Win32.ActiveCfg = Debug|Win32
		{573BD005-3349-450C-BEBB-B2BC03ADDD3A}.Debug_IOCPServer|Win32.Build.0 = Debug|Win32
		{573BD005-3349-450C-BEBB-B2BC03ADDD3A}.Debug|Win32.ActiveCfg = Debug|Win32
		{573BD005-3349-450C-BEBB-B2BC03ADDD3A}.Debug|Win32.Build.0 = Debug|Win32
		{573BD005-3349-450C-BEBB-B2BC03ADDD3A}.release_Completion|Win32.ActiveCfg = Release|Win32
		{573BD005-3349-450C-BEBB-B2BC03ADDD3A}.release_Completion|Win32.Build.0 = Release|Win32
		{573BD005-3349-450C-BEBB-B2BC03ADDD3A}.Release_IOCPServer|Win32.ActiveCfg = Release|Win32
		{573BD005-3349-450C-BEBB-B2BC03ADDD3A}.Release_IOCPServer|Win32.Build.0 = Release|Win32
		{573BD005-3349-450C-BEBB-B2BC03ADDD3A}.Release|Win32.ActiveCfg = Release|Win32
		{573BD005-3349-450C-BEBB-B2BC03ADDD3A}.Release|Win32.Build.0 = Release|Win32
		{573BD005-3349-450C-BEBB-B2BC03ADDD3A}.sun_Send_debug|Win32.ActiveCfg = Debug|Win32
		{573BD005-3349-450C-BEBB-B2BC03ADDD3A}.sun_Send_debug|Win32.Build.0 = Debug|Win32
		{573BD005-3349-450C-BEBB-B2BC03ADDD3A}.sun_send_release|Win32.ActiveCfg = Debug|Win32
		{573BD005-3349-450C-BEBB-B2BC03ADDD3A}.sun_send_release|Win32.Build.0 = Debug|Win32
		{573BD005-3349-450C-BEBB-B2BC03ADDD3A}.东航专用|Win32.ActiveCfg = Debug|Win32
		{573BD005-3349-450C-BEBB-B2BC03ADDD3A}.东航专用|Win32.Build.0 = Debug|Win32
		{573BD005-3349-450C-BEBB-B2BC03ADDD3A}.东航专用-release|Win32.ActiveCfg = Debug|Win32
		{573BD005-3349-450C-BEBB-B2BC03ADDD3A}.东航专用-release|Win32.Build.0 = Debug|Win32
		{7546DF9A-25D1-4966-A918-095EC0F2A9CF}.debug_Completion|Win32.ActiveCfg = Debug|Win32
		{7546DF9A-25D1-4966-A918-095EC0F2A9CF}.debug_Completion|Win32.Build.0 = Debug|Win32
		{7546DF9A-25D1-4966-A918-095EC0F2A9CF}.Debug_IOCPServer|Win32.ActiveCfg = Debug|Win32
		{7546DF9A-25D1-4966-A918-095EC0F2A9CF}.Debug_IOCPServer|Win32.Build.0 = Debug|Win32
		{7546DF9A-25D1-4966-A918-095EC0F2A9CF}.Debug|Win32.ActiveCfg = Debug|Win32
		{7546DF9A-25D1-4966-A918-095EC0F2A9CF}.Debug|Win32.Build.0 = Debug|Win32
		{7546DF9A-25D1-4966-A918-095EC0F2A9CF}.release_Completion|Win32.ActiveCfg = Release|Win32
		{7546DF9A-25D1-4966-A918-095EC0F2A9CF}.release_Completion|Win32.Build.0 = Release|Win32
		{7546DF9A-25D1-4966-A918-095EC0F2A9CF}.Release_IOCPServer|Win32.ActiveCfg = Release|Win32
		{7546DF9A-25D1-4966-A918-095EC0F2A9CF}.Release_IOCPServer|Win32.Build.0 = Release|Win32
		{7546DF9A-25D1-4966-A918-095EC0F2A9CF}.Release|Win32.ActiveCfg = Release|Win32
		{7546DF9A-25D1-4966-A918-095EC0F2A9CF}.Release|Win32.Build.0 = Release|Win32
		{7546DF9A-25D1-4966-A918-095EC0F2A9CF}.sun_Send_debug|Win32.ActiveCfg = Release|Win32
		{7546DF9A-25D1-4966-A918-095EC0F2A9CF}.sun_Send_debug|Win32.Build.0 = Release|Win32
		{7546DF9A-25D1-4966-A918-095EC0F2A9CF}.sun_send_release|Win32.ActiveCfg = Release|Win32
		{7546DF9A-25D1-4966-A918-095EC0F2A9CF}.sun_send_release|Win32.Build.0 = Release|Win32
		{7546DF9A-25D1-4966-A918-095EC0F2A9CF}.东航专用|Win32.ActiveCfg = Release|Win32
		{7546DF9A-25D1-4966-A918-095EC0F2A9CF}.东航专用|Win32.Build.0 = Release|Win32
		{7546DF9A-25D1-4966-A918-095EC0F2A9CF}.东航专用-release|Win32.ActiveCfg = Release|Win32
		{7546DF9A-25D1-4966-A918-095EC0F2A9CF}.东航专用-release|Win32.Build.0 = Release|Win32
		{40578497-324E-4267-90E8-F575E0FDBB37}.debug_Completion|Win32.ActiveCfg = debug_Completion|Win32
		{40578497-324E-4267-90E8-F575E0FDBB37}.debug_Completion|Win32.Build.0 = debug_Completion|Win32
		{40578497-324E-4267-90E8-F575E0FDBB37}.Debug_IOCPServer|Win32.ActiveCfg = Debug_IOCPServer|Win32
		{40578497-324E-4267-90E8-F575E0FDBB37}.Debug_IOCPServer|Win32.Build.0 = Debug_IOCPServer|Win32
		{40578497-324E-4267-90E8-F575E0FDBB37}.Debug|Win32.ActiveCfg = Debug|Win32
		{40578497-324E-4267-90E8-F575E0FDBB37}.Debug|Win32.Build.0 = Debug|Win32
		{40578497-324E-4267-90E8-F575E0FDBB37}.release_Completion|Win32.ActiveCfg = release_Completion|Win32
		{40578497-324E-4267-90E8-F575E0FDBB37}.release_Completion|Win32.Build.0 = release_Completion|Win32
		{40578497-324E-4267-90E8-F575E0FDBB37}.Release_IOCPServer|Win32.ActiveCfg = Release_IOCPServer|Win32
		{40578497-324E-4267-90E8-F575E0FDBB37}.Release_IOCPServer|Win32.Build.0 = Release_IOCPServer|Win32
		{40578497-324E-4267-90E8-F575E0FDBB37}.Release|Win32.ActiveCfg = Release|Win32
		{40578497-324E-4267-90E8-F575E0FDBB37}.Release|Win32.Build.0 = Release|Win32
		{40578497-324E-4267-90E8-F575E0FDBB37}.sun_Send_debug|Win32.ActiveCfg = sun_Send_debug|Win32
		{40578497-324E-4267-90E8-F575E0FDBB37}.sun_Send_debug|Win32.Build.0 = sun_Send_debug|Win32
		{40578497-324E-4267-90E8-F575E0FDBB37}.sun_send_release|Win32.ActiveCfg = sun_send_release|Win32
		{40578497-324E-4267-90E8-F575E0FDBB37}.sun_send_release|Win32.Build.0 = sun_send_release|Win32
		{40578497-324E-4267-90E8-F575E0FDBB37}.东航专用|Win32.ActiveCfg = 东航专用|Win32
		{40578497-324E-4267-90E8-F575E0FDBB37}.东航专用|Win32.Build.0 = 东航专用|Win32
		{40578497-324E-4267-90E8-F575E0FDBB37}.东航专用-release|Win32.ActiveCfg = 东航专用-release|Win32
		{40578497-324E-4267-90E8-F575E0FDBB37}.东航专用-release|Win32.Build.0 = 东航专用-release|Win32
		{BE1BF216-2C60-4640-AB1C-967676537C5F}.debug_Completion|Win32.ActiveCfg = Debug|Win32
		{BE1BF216-2C60-4640-AB1C-967676537C5F}.debug_Completion|Win32.Build.0 = Debug|Win32
		{BE1BF216-2C60-4640-AB1C-967676537C5F}.Debug_IOCPServer|Win32.ActiveCfg = Debug|Win32
		{BE1BF216-2C60-4640-AB1C-967676537C5F}.Debug_IOCPServer|Win32.Build.0 = Debug|Win32
		{BE1BF216-2C60-4640-AB1C-967676537C5F}.Debug|Win32.ActiveCfg = Debug|Win32
		{BE1BF216-2C60-4640-AB1C-967676537C5F}.Debug|Win32.Build.0 = Debug|Win32
		{BE1BF216-2C60-4640-AB1C-967676537C5F}.release_Completion|Win32.ActiveCfg = Release|Win32
		{BE1BF216-2C60-4640-AB1C-967676537C5F}.release_Completion|Win32.Build.0 = Release|Win32
		{BE1BF216-2C60-4640-AB1C-967676537C5F}.Release_IOCPServer|Win32.ActiveCfg = Release|Win32
		{BE1BF216-2C60-4640-AB1C-967676537C5F}.Release_IOCPServer|Win32.Build.0 = Release|Win32
		{BE1BF216-2C60-4640-AB1C-967676537C5F}.Release|Win32.ActiveCfg = Release|Win32
		{BE1BF216-2C60-4640-AB1C-967676537C5F}.Release|Win32.Build.0 = Release|Win32
		{BE1BF216-2C60-4640-AB1C-967676537C5F}.sun_Send_debug|Win32.ActiveCfg = Release|Win32
		{BE1BF216-2C60-4640-AB1C-967676537C5F}.sun_Send_debug|Win32.Build.0 = Release|Win32
		{BE1BF216-2C60-4640-AB1C-967676537C5F}.sun_send_release|Win32.ActiveCfg = Release|Win32
		{BE1BF216-2C60-4640-AB1C-967676537C5F}.sun_send_release|Win32.Build.0 = Release|Win32
		{BE1BF216-2C60-4640-AB1C-967676537C5F}.东航专用|Win32.ActiveCfg = Release|Win32
		{BE1BF216-2C60-4640-AB1C-967676537C5F}.东航专用|Win32.Build.0 = Release|Win32
		{BE1BF216-2C60-4640-AB1C-967676537C5F}.东航专用-release|Win32.ActiveCfg = Release|Win32
		{BE1BF216-2C60-4640-AB1C-967676537C5F}.东航专用-release|Win32.Build.0 = Release|Win32
		{A829CB18-0821-457E-97DC-8EF52B39C05C}.debug_Completion|Win32.ActiveCfg = Debug|Win32
		{A829CB18-0821-457E-97DC-8EF52B39C05C}.debug_Completion|Win32.Build.0 = Debug|Win32
		{A829CB18-0821-457E-97DC-8EF52B39C05C}.Debug_IOCPServer|Win32.ActiveCfg = Debug|Win32
		{A829CB18-0821-457E-97DC-8EF52B39C05C}.Debug_IOCPServer|Win32.Build.0 = Debug|Win32
		{A829CB18-0821-457E-97DC-8EF52B39C05C}.Debug|Win32.ActiveCfg = Debug|Win32
		{A829CB18-0821-457E-97DC-8EF52B39C05C}.Debug|Win32.Build.0 = Debug|Win32
		{A829CB18-0821-457E-97DC-8EF52B39C05C}.release_Completion|Win32.ActiveCfg = Release|Win32
		{A829CB18-0821-457E-97DC-8EF52B39C05C}.release_Completion|Win32.Build.0 = Release|Win32
		{A829CB18-0821-457E-97DC-8EF52B39C05C}.Release_IOCPServer|Win32.ActiveCfg = Release|Win32
		{A829CB18-0821-457E-97DC-8EF52B39C05C}.Release_IOCPServer|Win32.Build.0 = Release|Win32
		{A829CB18-0821-457E-97DC-8EF52B39C05C}.Release|Win32.ActiveCfg = Release|Win32
		{A829CB18-0821-457E-97DC-8EF52B39C05C}.Release|Win32.Build.0 = Release|Win32
		{A829CB18-0821-457E-97DC-8EF52B39C05C}.sun_Send_debug|Win32.ActiveCfg = Release|Win32
		{A829CB18-0821-457E-97DC-8EF52B39C05C}.sun_Send_debug|Win32.Build.0 = Release|Win32
		{A829CB18-0821-457E-97DC-8EF52B39C05C}.sun_send_release|Win32.ActiveCfg = Release|Win32
		{A829CB18-0821-457E-97DC-8EF52B39C05C}.sun_send_release|Win32.Build.0 = Release|Win32
		{A829CB18-0821-457E-97DC-8EF52B39C05C}.东航专用|Win32.ActiveCfg = Release|Win32
		{A829CB18-0821-457E-97DC-8EF52B39C05C}.东航专用|Win32.Build.0 = Release|Win32
		{A829CB18-0821-457E-97DC-8EF52B39C05C}.东航专用-release|Win32.ActiveCfg = Release|Win32
		{A829CB18-0821-457E-97DC-8EF52B39C05C}.东航专用-release|Win32.Build.0 = Release|Win32
		{CD9CE7FF-E104-4892-A15F-CE75599C8871}.debug_Completion|Win32.ActiveCfg = Debug|Win32
		{CD9CE7FF-E104-4892-A15F-CE75599C8871}.debug_Completion|Win32.Build.0 = Debug|Win32
		{CD9CE7FF-E104-4892-A15F-CE75599C8871}.Debug_IOCPServer|Win32.ActiveCfg = Debug|Win32
		{CD9CE7FF-E104-4892-A15F-CE75599C8871}.Debug_IOCPServer|Win32.Build.0 = Debug|Win32
		{CD9CE7FF-E104-4892-A15F-CE75599C8871}.Debug|Win32.ActiveCfg = Debug|Win32
		{CD9CE7FF-E104-4892-A15F-CE75599C8871}.Debug|Win32.Build.0 = Debug|Win32
		{CD9CE7FF-E104-4892-A15F-CE75599C8871}.release_Completion|Win32.ActiveCfg = Release|Win32
		{CD9CE7FF-E104-4892-A15F-CE75599C8871}.release_Completion|Win32.Build.0 = Release|Win32
		{CD9CE7FF-E104-4892-A15F-CE75599C8871}.Release_IOCPServer|Win32.ActiveCfg = Release|Win32
		{CD9CE7FF-E104-4892-A15F-CE75599C8871}.Release_IOCPServer|Win32.Build.0 = Release|Win32
		{CD9CE7FF-E104-4892-A15F-CE75599C8871}.Release|Win32.ActiveCfg = Release|Win32
		{CD9CE7FF-E104-4892-A15F-CE75599C8871}.Release|Win32.Build.0 = Release|Win32
		{CD9CE7FF-E104-4892-A15F-CE75599C8871}.sun_Send_debug|Win32.ActiveCfg = Release|Win32
		{CD9CE7FF-E104-4892-A15F-CE75599C8871}.sun_Send_debug|Win32.Build.0 = Release|Win32
		{CD9CE7FF-E104-4892-A15F-CE75599C8871}.sun_send_release|Win32.ActiveCfg = Release|Win32
		{CD9CE7FF-E104-4892-A15F-CE75599C8871}.sun_send_release|Win32.Build.0 = Release|Win32
		{CD9CE7FF-E104-4892-A15F-CE75599C8871}.东航专用|Win32.ActiveCfg = Release|Win32
		{CD9CE7FF-E104-4892-A15F-CE75599C8871}.东航专用|Win32.Build.0 = Release|Win32
		{CD9CE7FF-E104-4892-A15F-CE75599C8871}.东航专用-release|Win32.ActiveCfg = Release|Win32
		{CD9CE7FF-E104-4892-A15F-CE75599C8871}.东航专用-release|Win32.Build.0 = Release|Win32
		{9143C17B-1079-42F9-AA0B-7A01B115C08A}.debug_Completion|Win32.ActiveCfg = Debug|Win32
		{9143C17B-1079-42F9-AA0B-7A01B115C08A}.debug_Completion|Win32.Build.0 = Debug|Win32
		{9143C17B-1079-42F9-AA0B-7A01B115C08A}.Debug_IOCPServer|Win32.ActiveCfg = Debug|Win32
		{9143C17B-1079-42F9-AA0B-7A01B115C08A}.Debug_IOCPServer|Win32.Build.0 = Debug|Win32
		{9143C17B-1079-42F9-AA0B-7A01B115C08A}.Debug|Win32.ActiveCfg = Debug|Win32
		{9143C17B-1079-42F9-AA0B-7A01B115C08A}.Debug|Win32.Build.0 = Debug|Win32
		{9143C17B-1079-42F9-AA0B-7A01B115C08A}.release_Completion|Win32.ActiveCfg = Release|Win32
		{9143C17B-1079-42F9-AA0B-7A01B115C08A}.release_Completion|Win32.Build.0 = Release|Win32
		{9143C17B-1079-42F9-AA0B-7A01B115C08A}.Release_IOCPServer|Win32.ActiveCfg = Release|Win32
		{9143C17B-1079-42F9-AA0B-7A01B115C08A}.Release_IOCPServer|Win32.Build.0 = Release|Win32
		{9143C17B-1079-42F9-AA0B-7A01B115C08A}.Release|Win32.ActiveCfg = Release|Win32
		{9143C17B-1079-42F9-AA0B-7A01B115C08A}.Release|Win32.Build.0 = Release|Win32
		{9143C17B-1079-42F9-AA0B-7A01B115C08A}.sun_Send_debug|Win32.ActiveCfg = Release|Win32
		{9143C17B-1079-42F9-AA0B-7A01B115C08A}.sun_Send_debug|Win32.Build.0 = Release|Win32
		{9143C17B-1079-42F9-AA0B-7A01B115C08A}.sun_send_release|Win32.ActiveCfg = Release|Win32
		{9143C17B-1079-42F9-AA0B-7A01B115C08A}.sun_send_release|Win32.Build.0 = Release|Win32
		{9143C17B-1079-42F9-AA0B-7A01B115C08A}.东航专用|Win32.ActiveCfg = Release|Win32
		{9143C17B-1079-42F9-AA0B-7A01B115C08A}.东航专用|Win32.Build.0 = Release|Win32
		{9143C17B-1079-42F9-AA0B-7A01B115C08A}.东航专用-release|Win32.ActiveCfg = Release|Win32
		{9143C17B-1079-42F9-AA0B-7A01B115C08A}.东航专用-release|Win32.Build.0 = Release|Win32
	EndGlobalSection
	GlobalSection(SolutionProperties) = preSolution
		HideSolutionNode = FALSE
	EndGlobalSection
EndGlobal
