<?xml version="1.0" encoding="utf-8"?>
<Project ToolsVersion="4.0" xmlns="http://schemas.microsoft.com/developer/msbuild/2003">
  <ItemGroup>
    <Filter Include="源文件">
      <UniqueIdentifier>{4FC737F1-C7A5-4376-A066-2A32D752A2FF}</UniqueIdentifier>
      <Extensions>cpp;c;cc;cxx;def;odl;idl;hpj;bat;asm;asmx</Extensions>
    </Filter>
    <Filter Include="资源文件">
      <UniqueIdentifier>{67DA6AB6-F800-4c08-8B7A-83BB121AAD01}</UniqueIdentifier>
      <Extensions>rc;ico;cur;bmp;dlg;rc2;rct;bin;rgs;gif;jpg;jpeg;jpe;resx;tiff;tif;png;wav</Extensions>
    </Filter>
    <Filter Include="头文件">
      <UniqueIdentifier>{7263757f-9474-4a28-8997-476335ee9d20}</UniqueIdentifier>
    </Filter>
  </ItemGroup>
  <ItemGroup>
    <ClCompile Include="Convergence.cpp">
      <Filter>源文件</Filter>
    </ClCompile>
    <ClCompile Include="CvgCpMgr.cpp">
      <Filter>源文件</Filter>
    </ClCompile>
    <ClCompile Include="DeliverMgr.cpp">
      <Filter>源文件</Filter>
    </ClCompile>
    <ClCompile Include="HisDataHandler.cpp">
      <Filter>源文件</Filter>
    </ClCompile>
    <ClCompile Include="InfoPublisher.cpp">
      <Filter>源文件</Filter>
    </ClCompile>
    <ClCompile Include="InfoSender.cpp">
      <Filter>源文件</Filter>
    </ClCompile>
    <ClCompile Include="Markup.cpp">
      <Filter>源文件</Filter>
    </ClCompile>
    <ClCompile Include="MemData.cpp">
      <Filter>源文件</Filter>
    </ClCompile>
    <ClCompile Include="QuotationTbl.cpp">
      <Filter>源文件</Filter>
    </ClCompile>
    <ClCompile Include="SendCommand.cpp">
      <Filter>源文件</Filter>
    </ClCompile>
    <ClCompile Include="ServiceHandler.cpp">
      <Filter>源文件</Filter>
    </ClCompile>
    <ClCompile Include="SubscriberTbl.cpp">
      <Filter>源文件</Filter>
    </ClCompile>
    <ClCompile Include="XmlInfoIndexFile.cpp">
      <Filter>源文件</Filter>
    </ClCompile>
    <ClCompile Include="YLFileMapping.cpp">
      <Filter>源文件</Filter>
    </ClCompile>
  </ItemGroup>
  <ItemGroup>
    <ClInclude Include="CvgCpMgr.h">
      <Filter>头文件</Filter>
    </ClInclude>
    <ClInclude Include="datatypes.h">
      <Filter>头文件</Filter>
    </ClInclude>
    <ClInclude Include="DeliverMgr.h">
      <Filter>头文件</Filter>
    </ClInclude>
    <ClInclude Include="FileMappingList.h">
      <Filter>头文件</Filter>
    </ClInclude>
    <ClInclude Include="HisDataHandler.h">
      <Filter>头文件</Filter>
    </ClInclude>
    <ClInclude Include="InfoPublisher.h">
      <Filter>头文件</Filter>
    </ClInclude>
    <ClInclude Include="InfoSender.h">
      <Filter>头文件</Filter>
    </ClInclude>
    <ClInclude Include="Markup.h">
      <Filter>头文件</Filter>
    </ClInclude>
    <ClInclude Include="MemData.h">
      <Filter>头文件</Filter>
    </ClInclude>
    <ClInclude Include="QuotationTbl.h">
      <Filter>头文件</Filter>
    </ClInclude>
    <ClInclude Include="SendCommand.h">
      <Filter>头文件</Filter>
    </ClInclude>
    <ClInclude Include="ServiceHandler.h">
      <Filter>头文件</Filter>
    </ClInclude>
    <ClInclude Include="SubscriberTbl.h">
      <Filter>头文件</Filter>
    </ClInclude>
    <ClInclude Include="XmlInfoIndexFile.h">
      <Filter>头文件</Filter>
    </ClInclude>
    <ClInclude Include="YLFileMapping.h">
      <Filter>头文件</Filter>
    </ClInclude>
    <ClInclude Include="..\zlib\zconf.h">
      <Filter>头文件</Filter>
    </ClInclude>
    <ClInclude Include="..\zlib\zlib.h">
      <Filter>头文件</Filter>
    </ClInclude>
  </ItemGroup>
</Project>