
Microsoft Visual Studio Solution File, Format Version 9.00
# Visual Studio 2005
Project("{8BC9CEB8-8B4A-11D0-8D11-00A0C91BC942}") = "Convergence", "Convergence_2005.vcproj", "{97995D66-0506-4101-9428-0B70A9AC371C}"
EndProject
Global
	GlobalSection(SolutionConfigurationPlatforms) = preSolution
		Debug|Win32 = Debug|Win32
		Release|Win32 = Release|Win32
	EndGlobalSection
	GlobalSection(ProjectConfigurationPlatforms) = postSolution
		{97995D66-0506-4101-9428-0B70A9AC371C}.Debug|Win32.ActiveCfg = Debug|Win32
		{97995D66-0506-4101-9428-0B70A9AC371C}.Debug|Win32.Build.0 = Debug|Win32
		{97995D66-0506-4101-9428-0B70A9AC371C}.Release|Win32.ActiveCfg = Release|Win32
		{97995D66-0506-4101-9428-0B70A9AC371C}.Release|Win32.Build.0 = Release|Win32
	EndGlobalSection
	GlobalSection(SolutionProperties) = preSolution
		HideSolutionNode = FALSE
	EndGlobalSection
EndGlobal
