<?xml version="1.0" encoding="utf-8"?>
<Project ToolsVersion="4.0" xmlns="http://schemas.microsoft.com/developer/msbuild/2003">
  <ItemGroup>
    <Filter Include="Source Files">
      <UniqueIdentifier>{cc8b3ecb-b516-4094-99c0-11cfd8a540e3}</UniqueIdentifier>
      <Extensions>cpp;c;cxx;rc;def;r;odl;hpj;bat;for;f90</Extensions>
    </Filter>
    <Filter Include="Header Files">
      <UniqueIdentifier>{b6e69f62-a513-442e-b38e-1be2536cfbb3}</UniqueIdentifier>
      <Extensions>h;hpp;hxx;hm;inl;fi;fd</Extensions>
    </Filter>
    <Filter Include="Resource Files">
      <UniqueIdentifier>{1d5946cd-9c28-4206-aa72-6de4ed12f40c}</UniqueIdentifier>
      <Extensions>ico;cur;bmp;dlg;rc2;rct;bin;cnt;rtf;gif;jpg;jpeg;jpe</Extensions>
    </Filter>
    <Filter Include="Assembler Files">
      <UniqueIdentifier>{5d98af7a-429d-4bea-867c-73d6fa7ffdb7}</UniqueIdentifier>
    </Filter>
  </ItemGroup>
  <ItemGroup>
    <ClCompile Include="Adler32.c">
      <Filter>Source Files</Filter>
    </ClCompile>
    <ClCompile Include="Compress.c">
      <Filter>Source Files</Filter>
    </ClCompile>
    <ClCompile Include="Crc32.c">
      <Filter>Source Files</Filter>
    </ClCompile>
    <ClCompile Include="Deflate.c">
      <Filter>Source Files</Filter>
    </ClCompile>
    <ClCompile Include="example.c">
      <Filter>Source Files</Filter>
    </ClCompile>
    <ClCompile Include="Gzio.c">
      <Filter>Source Files</Filter>
    </ClCompile>
    <ClCompile Include="infback.c">
      <Filter>Source Files</Filter>
    </ClCompile>
    <ClCompile Include="Inffast.c">
      <Filter>Source Files</Filter>
    </ClCompile>
    <ClCompile Include="Inflate.c">
      <Filter>Source Files</Filter>
    </ClCompile>
    <ClCompile Include="Inftrees.c">
      <Filter>Source Files</Filter>
    </ClCompile>
    <ClCompile Include="Trees.c">
      <Filter>Source Files</Filter>
    </ClCompile>
    <ClCompile Include="Uncompr.c">
      <Filter>Source Files</Filter>
    </ClCompile>
    <ClCompile Include="Zutil.c">
      <Filter>Source Files</Filter>
    </ClCompile>
    <ClCompile Include="gvmat32c.c">
      <Filter>Assembler Files</Filter>
    </ClCompile>
  </ItemGroup>
  <ItemGroup>
    <ClInclude Include="crc32.h">
      <Filter>Header Files</Filter>
    </ClInclude>
    <ClInclude Include="deflate.h">
      <Filter>Header Files</Filter>
    </ClInclude>
    <ClInclude Include="inffast.h">
      <Filter>Header Files</Filter>
    </ClInclude>
    <ClInclude Include="inffixed.h">
      <Filter>Header Files</Filter>
    </ClInclude>
    <ClInclude Include="inflate.h">
      <Filter>Header Files</Filter>
    </ClInclude>
    <ClInclude Include="inftrees.h">
      <Filter>Header Files</Filter>
    </ClInclude>
    <ClInclude Include="trees.h">
      <Filter>Header Files</Filter>
    </ClInclude>
    <ClInclude Include="zconf.h">
      <Filter>Header Files</Filter>
    </ClInclude>
    <ClInclude Include="zconf.in.h">
      <Filter>Header Files</Filter>
    </ClInclude>
    <ClInclude Include="zlib.h">
      <Filter>Header Files</Filter>
    </ClInclude>
    <ClInclude Include="zutil.h">
      <Filter>Header Files</Filter>
    </ClInclude>
  </ItemGroup>
  <ItemGroup>
    <None Include="gvmat32.asm">
      <Filter>Assembler Files</Filter>
    </None>
    <None Include="inffas32.asm">
      <Filter>Assembler Files</Filter>
    </None>
  </ItemGroup>
</Project>